// !$*UTF8*$!
{
	archiveVersion = 1;
	classes = {
	};
	objectVersion = 55;
	objects = {

/* Begin PBXBuildFile section */
		09BAE2C12764B2D5003A1CE8 /* AppDelegate.swift in Sources */ = {isa = PBXBuildFile; fileRef = 09BAE2C02764B2D5003A1CE8 /* AppDelegate.swift */; };
		09BAE2C32764B2D5003A1CE8 /* SceneDelegate.swift in Sources */ = {isa = PBXBuildFile; fileRef = 09BAE2C22764B2D5003A1CE8 /* SceneDelegate.swift */; };
		09BAE2C52764B2D5003A1CE8 /* ViewController.swift in Sources */ = {isa = PBXBuildFile; fileRef = 09BAE2C42764B2D5003A1CE8 /* ViewController.swift */; };
		09BAE2C82764B2D5003A1CE8 /* Main.storyboard in Resources */ = {isa = PBXBuildFile; fileRef = 09BAE2C62764B2D5003A1CE8 /* Main.storyboard */; };
		09BAE2CA2764B2D6003A1CE8 /* Assets.xcassets in Resources */ = {isa = PBXBuildFile; fileRef = 09BAE2C92764B2D6003A1CE8 /* Assets.xcassets */; };
		09BAE2CD2764B2D6003A1CE8 /* LaunchScreen.storyboard in Resources */ = {isa = PBXBuildFile; fileRef = 09BAE2CB2764B2D6003A1CE8 /* LaunchScreen.storyboard */; };
		09BAE2D52764B302003A1CE8 /* ContentView.swift in Sources */ = {isa = PBXBuildFile; fileRef = 09BAE2D42764B302003A1CE8 /* ContentView.swift */; };
		09BAE2D72764B459003A1CE8 /* BaseTextView.swift in Sources */ = {isa = PBXBuildFile; fileRef = 09BAE2D62764B459003A1CE8 /* BaseTextView.swift */; };
		09BAE2D92764B59D003A1CE8 /* BaseTextPargraphView.swift in Sources */ = {isa = PBXBuildFile; fileRef = 09BAE2D82764B59D003A1CE8 /* BaseTextPargraphView.swift */; };
		09BAE2DB2764B67C003A1CE8 /* BasePaddingView.swift in Sources */ = {isa = PBXBuildFile; fileRef = 09BAE2DA2764B67C003A1CE8 /* BasePaddingView.swift */; };
		09BAE2DD2764B766003A1CE8 /* BaseTextFullScreenView.swift in Sources */ = {isa = PBXBuildFile; fileRef = 09BAE2DC2764B766003A1CE8 /* BaseTextFullScreenView.swift */; };
		09BAE2E12764B89A003A1CE8 /* BaseTextDateFormatterView.swift in Sources */ = {isa = PBXBuildFile; fileRef = 09BAE2E02764B89A003A1CE8 /* BaseTextDateFormatterView.swift */; };
		09BAE2E32764B94F003A1CE8 /* BaseTextAppendView.swift in Sources */ = {isa = PBXBuildFile; fileRef = 09BAE2E22764B94F003A1CE8 /* BaseTextAppendView.swift */; };
		09BAE2E72764BAFF003A1CE8 /* BaseTextField.swift in Sources */ = {isa = PBXBuildFile; fileRef = 09BAE2E62764BAFF003A1CE8 /* BaseTextField.swift */; };
		09BAE2E92764BBFB003A1CE8 /* BaseTextField_SecureFieldView.swift in Sources */ = {isa = PBXBuildFile; fileRef = 09BAE2E82764BBFB003A1CE8 /* BaseTextField_SecureFieldView.swift */; };
		09BAE2EC2764BD82003A1CE8 /* BaseButton.swift in Sources */ = {isa = PBXBuildFile; fileRef = 09BAE2EB2764BD82003A1CE8 /* BaseButton.swift */; };
		09BAE2EE2764BEAA003A1CE8 /* BaseButtonSheetView.swift in Sources */ = {isa = PBXBuildFile; fileRef = 09BAE2ED2764BEAA003A1CE8 /* BaseButtonSheetView.swift */; };
		09BAE2F02764BF77003A1CE8 /* MyDetailView.swift in Sources */ = {isa = PBXBuildFile; fileRef = 09BAE2EF2764BF77003A1CE8 /* MyDetailView.swift */; };
		09BAE2F32764C0CD003A1CE8 /* BaseSpacer.swift in Sources */ = {isa = PBXBuildFile; fileRef = 09BAE2F22764C0CD003A1CE8 /* BaseSpacer.swift */; };
		09BAE2F52764C16D003A1CE8 /* BaseDividerView.swift in Sources */ = {isa = PBXBuildFile; fileRef = 09BAE2F42764C16D003A1CE8 /* BaseDividerView.swift */; };
		09BAE2F72764C265003A1CE8 /* BaseImage_Basic.swift in Sources */ = {isa = PBXBuildFile; fileRef = 09BAE2F62764C265003A1CE8 /* BaseImage_Basic.swift */; };
		09BAE2F92764C2FE003A1CE8 /* BaseImage_StyleView.swift in Sources */ = {isa = PBXBuildFile; fileRef = 09BAE2F82764C2FE003A1CE8 /* BaseImage_StyleView.swift */; };
		09BAE2FB2764C3DE003A1CE8 /* BaseImage_ProcessingView.swift in Sources */ = {isa = PBXBuildFile; fileRef = 09BAE2FA2764C3DE003A1CE8 /* BaseImage_ProcessingView.swift */; };
		09BAE2FD2764C498003A1CE8 /* BaseImage_BlendView.swift in Sources */ = {isa = PBXBuildFile; fileRef = 09BAE2FC2764C498003A1CE8 /* BaseImage_BlendView.swift */; };
		09BAE2FF2764C58E003A1CE8 /* BaseImage_MaskView.swift in Sources */ = {isa = PBXBuildFile; fileRef = 09BAE2FE2764C58E003A1CE8 /* BaseImage_MaskView.swift */; };
		09BAE3012764C5CB003A1CE8 /* BaseImage_TransformView.swift in Sources */ = {isa = PBXBuildFile; fileRef = 09BAE3002764C5CB003A1CE8 /* BaseImage_TransformView.swift */; };
		09BAE3032764C642003A1CE8 /* BaseImageWebView.swift in Sources */ = {isa = PBXBuildFile; fileRef = 09BAE3022764C642003A1CE8 /* BaseImageWebView.swift */; };
		09BAE3052764C6EE003A1CE8 /* BasePickerView.swift in Sources */ = {isa = PBXBuildFile; fileRef = 09BAE3042764C6EE003A1CE8 /* BasePickerView.swift */; };
		09BAE3092764C76D003A1CE8 /* BasePickerDateView.swift in Sources */ = {isa = PBXBuildFile; fileRef = 09BAE3082764C76D003A1CE8 /* BasePickerDateView.swift */; };
		09BAE30B2764C998003A1CE8 /* BaseSliderView.swift in Sources */ = {isa = PBXBuildFile; fileRef = 09BAE30A2764C998003A1CE8 /* BaseSliderView.swift */; };
		09BAE30D2764CA02003A1CE8 /* BaseStepperView.swift in Sources */ = {isa = PBXBuildFile; fileRef = 09BAE30C2764CA02003A1CE8 /* BaseStepperView.swift */; };
		09BAE30F2764CA90003A1CE8 /* BaseSegmentView.swift in Sources */ = {isa = PBXBuildFile; fileRef = 09BAE30E2764CA90003A1CE8 /* BaseSegmentView.swift */; };
		09BAE3112764CADC003A1CE8 /* BaseToggleView.swift in Sources */ = {isa = PBXBuildFile; fileRef = 09BAE3102764CADC003A1CE8 /* BaseToggleView.swift */; };
		09BAE3132764CB14003A1CE8 /* BaseTabView.swift in Sources */ = {isa = PBXBuildFile; fileRef = 09BAE3122764CB14003A1CE8 /* BaseTabView.swift */; };
		09BAE3152764CB57003A1CE8 /* BaseWebView.swift in Sources */ = {isa = PBXBuildFile; fileRef = 09BAE3142764CB57003A1CE8 /* BaseWebView.swift */; };
		09BAE3172764D4B8003A1CE8 /* BaseWebPageView.swift in Sources */ = {isa = PBXBuildFile; fileRef = 09BAE3162764D4B8003A1CE8 /* BaseWebPageView.swift */; };
/* End PBXBuildFile section */

/* Begin PBXFileReference section */
		09BAE2BD2764B2D5003A1CE8 /* BaseProject0.app */ = {isa = PBXFileReference; explicitFileType = wrapper.application; includeInIndex = 0; path = BaseProject0.app; sourceTree = BUILT_PRODUCTS_DIR; };
		09BAE2C02764B2D5003A1CE8 /* AppDelegate.swift */ = {isa = PBXFileReference; lastKnownFileType = sourcecode.swift; path = AppDelegate.swift; sourceTree = "<group>"; };
		09BAE2C22764B2D5003A1CE8 /* SceneDelegate.swift */ = {isa = PBXFileReference; lastKnownFileType = sourcecode.swift; path = SceneDelegate.swift; sourceTree = "<group>"; };
		09BAE2C42764B2D5003A1CE8 /* ViewController.swift */ = {isa = PBXFileReference; lastKnownFileType = sourcecode.swift; path = ViewController.swift; sourceTree = "<group>"; };
		09BAE2C72764B2D5003A1CE8 /* Base */ = {isa = PBXFileReference; lastKnownFileType = file.storyboard; name = Base; path = Base.lproj/Main.storyboard; sourceTree = "<group>"; };
		09BAE2C92764B2D6003A1CE8 /* Assets.xcassets */ = {isa = PBXFileReference; lastKnownFileType = folder.assetcatalog; path = Assets.xcassets; sourceTree = "<group>"; };
		09BAE2CC2764B2D6003A1CE8 /* Base */ = {isa = PBXFileReference; lastKnownFileType = file.storyboard; name = Base; path = Base.lproj/LaunchScreen.storyboard; sourceTree = "<group>"; };
		09BAE2CE2764B2D6003A1CE8 /* Info.plist */ = {isa = PBXFileReference; lastKnownFileType = text.plist.xml; path = Info.plist; sourceTree = "<group>"; };
		09BAE2D42764B302003A1CE8 /* ContentView.swift */ = {isa = PBXFileReference; lastKnownFileType = sourcecode.swift; path = ContentView.swift; sourceTree = "<group>"; };
		09BAE2D62764B459003A1CE8 /* BaseTextView.swift */ = {isa = PBXFileReference; lastKnownFileType = sourcecode.swift; path = BaseTextView.swift; sourceTree = "<group>"; };
		09BAE2D82764B59D003A1CE8 /* BaseTextPargraphView.swift */ = {isa = PBXFileReference; lastKnownFileType = sourcecode.swift; path = BaseTextPargraphView.swift; sourceTree = "<group>"; };
		09BAE2DA2764B67C003A1CE8 /* BasePaddingView.swift */ = {isa = PBXFileReference; lastKnownFileType = sourcecode.swift; path = BasePaddingView.swift; sourceTree = "<group>"; };
		09BAE2DC2764B766003A1CE8 /* BaseTextFullScreenView.swift */ = {isa = PBXFileReference; lastKnownFileType = sourcecode.swift; path = BaseTextFullScreenView.swift; sourceTree = "<group>"; };
		09BAE2E02764B89A003A1CE8 /* BaseTextDateFormatterView.swift */ = {isa = PBXFileReference; lastKnownFileType = sourcecode.swift; path = BaseTextDateFormatterView.swift; sourceTree = "<group>"; };
		09BAE2E22764B94F003A1CE8 /* BaseTextAppendView.swift */ = {isa = PBXFileReference; lastKnownFileType = sourcecode.swift; path = BaseTextAppendView.swift; sourceTree = "<group>"; };
		09BAE2E62764BAFF003A1CE8 /* BaseTextField.swift */ = {isa = PBXFileReference; lastKnownFileType = sourcecode.swift; path = BaseTextField.swift; sourceTree = "<group>"; };
		09BAE2E82764BBFB003A1CE8 /* BaseTextField_SecureFieldView.swift */ = {isa = PBXFileReference; lastKnownFileType = sourcecode.swift; path = BaseTextField_SecureFieldView.swift; sourceTree = "<group>"; };
		09BAE2EB2764BD82003A1CE8 /* BaseButton.swift */ = {isa = PBXFileReference; lastKnownFileType = sourcecode.swift; path = BaseButton.swift; sourceTree = "<group>"; };
		09BAE2ED2764BEAA003A1CE8 /* BaseButtonSheetView.swift */ = {isa = PBXFileReference; lastKnownFileType = sourcecode.swift; path = BaseButtonSheetView.swift; sourceTree = "<group>"; };
		09BAE2EF2764BF77003A1CE8 /* MyDetailView.swift */ = {isa = PBXFileReference; lastKnownFileType = sourcecode.swift; path = MyDetailView.swift; sourceTree = "<group>"; };
		09BAE2F22764C0CD003A1CE8 /* BaseSpacer.swift */ = {isa = PBXFileReference; lastKnownFileType = sourcecode.swift; path = BaseSpacer.swift; sourceTree = "<group>"; };
		09BAE2F42764C16D003A1CE8 /* BaseDividerView.swift */ = {isa = PBXFileReference; lastKnownFileType = sourcecode.swift; path = BaseDividerView.swift; sourceTree = "<group>"; };
		09BAE2F62764C265003A1CE8 /* BaseImage_Basic.swift */ = {isa = PBXFileReference; lastKnownFileType = sourcecode.swift; path = BaseImage_Basic.swift; sourceTree = "<group>"; };
		09BAE2F82764C2FE003A1CE8 /* BaseImage_StyleView.swift */ = {isa = PBXFileReference; lastKnownFileType = sourcecode.swift; path = BaseImage_StyleView.swift; sourceTree = "<group>"; };
		09BAE2FA2764C3DE003A1CE8 /* BaseImage_ProcessingView.swift */ = {isa = PBXFileReference; lastKnownFileType = sourcecode.swift; path = BaseImage_ProcessingView.swift; sourceTree = "<group>"; };
		09BAE2FC2764C498003A1CE8 /* BaseImage_BlendView.swift */ = {isa = PBXFileReference; lastKnownFileType = sourcecode.swift; path = BaseImage_BlendView.swift; sourceTree = "<group>"; };
		09BAE2FE2764C58E003A1CE8 /* BaseImage_MaskView.swift */ = {isa = PBXFileReference; lastKnownFileType = sourcecode.swift; path = BaseImage_MaskView.swift; sourceTree = "<group>"; };
		09BAE3002764C5CB003A1CE8 /* BaseImage_TransformView.swift */ = {isa = PBXFileReference; lastKnownFileType = sourcecode.swift; path = BaseImage_TransformView.swift; sourceTree = "<group>"; };
		09BAE3022764C642003A1CE8 /* BaseImageWebView.swift */ = {isa = PBXFileReference; lastKnownFileType = sourcecode.swift; path = BaseImageWebView.swift; sourceTree = "<group>"; };
		09BAE3042764C6EE003A1CE8 /* BasePickerView.swift */ = {isa = PBXFileReference; lastKnownFileType = sourcecode.swift; path = BasePickerView.swift; sourceTree = "<group>"; };
		09BAE3082764C76D003A1CE8 /* BasePickerDateView.swift */ = {isa = PBXFileReference; lastKnownFileType = sourcecode.swift; path = BasePickerDateView.swift; sourceTree = "<group>"; };
		09BAE30A2764C998003A1CE8 /* BaseSliderView.swift */ = {isa = PBXFileReference; lastKnownFileType = sourcecode.swift; path = BaseSliderView.swift; sourceTree = "<group>"; };
		09BAE30C2764CA02003A1CE8 /* BaseStepperView.swift */ = {isa = PBXFileReference; lastKnownFileType = sourcecode.swift; path = BaseStepperView.swift; sourceTree = "<group>"; };
		09BAE30E2764CA90003A1CE8 /* BaseSegmentView.swift */ = {isa = PBXFileReference; lastKnownFileType = sourcecode.swift; path = BaseSegmentView.swift; sourceTree = "<group>"; };
		09BAE3102764CADC003A1CE8 /* BaseToggleView.swift */ = {isa = PBXFileReference; lastKnownFileType = sourcecode.swift; path = BaseToggleView.swift; sourceTree = "<group>"; };
		09BAE3122764CB14003A1CE8 /* BaseTabView.swift */ = {isa = PBXFileReference; lastKnownFileType = sourcecode.swift; path = BaseTabView.swift; sourceTree = "<group>"; };
		09BAE3142764CB57003A1CE8 /* BaseWebView.swift */ = {isa = PBXFileReference; lastKnownFileType = sourcecode.swift; path = BaseWebView.swift; sourceTree = "<group>"; };
		09BAE3162764D4B8003A1CE8 /* BaseWebPageView.swift */ = {isa = PBXFileReference; lastKnownFileType = sourcecode.swift; path = BaseWebPageView.swift; sourceTree = "<group>"; };
/* End PBXFileReference section */

/* Begin PBXFrameworksBuildPhase section */
		09BAE2BA2764B2D5003A1CE8 /* Frameworks */ = {
			isa = PBXFrameworksBuildPhase;
			buildActionMask = 2147483647;
			files = (
			);
			runOnlyForDeploymentPostprocessing = 0;
		};
/* End PBXFrameworksBuildPhase section */

/* Begin PBXGroup section */
		09BAE2B42764B2D5003A1CE8 = {
			isa = PBXGroup;
			children = (
				09BAE2BF2764B2D5003A1CE8 /* BaseProject0 */,
				09BAE2BE2764B2D5003A1CE8 /* Products */,
			);
			sourceTree = "<group>";
		};
		09BAE2BE2764B2D5003A1CE8 /* Products */ = {
			isa = PBXGroup;
			children = (
				09BAE2BD2764B2D5003A1CE8 /* BaseProject0.app */,
			);
			name = Products;
			sourceTree = "<group>";
		};
		09BAE2BF2764B2D5003A1CE8 /* BaseProject0 */ = {
			isa = PBXGroup;
			children = (
				09BAE2C02764B2D5003A1CE8 /* AppDelegate.swift */,
				09BAE2C22764B2D5003A1CE8 /* SceneDelegate.swift */,
				09BAE2C42764B2D5003A1CE8 /* ViewController.swift */,
				09BAE2F12764C0BD003A1CE8 /* BaseSpacer */,
				09BAE2EA2764BD72003A1CE8 /* BaseButton */,
				09BAE2E52764BAA7003A1CE8 /* BaseTextField */,
				09BAE2E42764B996003A1CE8 /* BaseText */,
				09BAE2D42764B302003A1CE8 /* ContentView.swift */,
				09BAE2C62764B2D5003A1CE8 /* Main.storyboard */,
				09BAE2C92764B2D6003A1CE8 /* Assets.xcassets */,
				09BAE2CB2764B2D6003A1CE8 /* LaunchScreen.storyboard */,
				09BAE2CE2764B2D6003A1CE8 /* Info.plist */,
			);
			path = BaseProject0;
			sourceTree = "<group>";
		};
		09BAE2E42764B996003A1CE8 /* BaseText */ = {
			isa = PBXGroup;
			children = (
				09BAE2D62764B459003A1CE8 /* BaseTextView.swift */,
				09BAE2D82764B59D003A1CE8 /* BaseTextPargraphView.swift */,
				09BAE2DA2764B67C003A1CE8 /* BasePaddingView.swift */,
				09BAE2DC2764B766003A1CE8 /* BaseTextFullScreenView.swift */,
				09BAE2E02764B89A003A1CE8 /* BaseTextDateFormatterView.swift */,
				09BAE2E22764B94F003A1CE8 /* BaseTextAppendView.swift */,
			);
			path = BaseText;
			sourceTree = "<group>";
		};
		09BAE2E52764BAA7003A1CE8 /* BaseTextField */ = {
			isa = PBXGroup;
			children = (
				09BAE2E62764BAFF003A1CE8 /* BaseTextField.swift */,
				09BAE2E82764BBFB003A1CE8 /* BaseTextField_SecureFieldView.swift */,
			);
			path = BaseTextField;
			sourceTree = "<group>";
		};
		09BAE2EA2764BD72003A1CE8 /* BaseButton */ = {
			isa = PBXGroup;
			children = (
				09BAE2EB2764BD82003A1CE8 /* BaseButton.swift */,
				09BAE2ED2764BEAA003A1CE8 /* BaseButtonSheetView.swift */,
				09BAE2EF2764BF77003A1CE8 /* MyDetailView.swift */,
			);
			path = BaseButton;
			sourceTree = "<group>";
		};
		09BAE2F12764C0BD003A1CE8 /* BaseSpacer */ = {
			isa = PBXGroup;
			children = (
				09BAE2F22764C0CD003A1CE8 /* BaseSpacer.swift */,
				09BAE2F42764C16D003A1CE8 /* BaseDividerView.swift */,
				09BAE2F62764C265003A1CE8 /* BaseImage_Basic.swift */,
				09BAE2F82764C2FE003A1CE8 /* BaseImage_StyleView.swift */,
				09BAE2FA2764C3DE003A1CE8 /* BaseImage_ProcessingView.swift */,
				09BAE2FC2764C498003A1CE8 /* BaseImage_BlendView.swift */,
				09BAE2FE2764C58E003A1CE8 /* BaseImage_MaskView.swift */,
				09BAE3002764C5CB003A1CE8 /* BaseImage_TransformView.swift */,
				09BAE3022764C642003A1CE8 /* BaseImageWebView.swift */,
				09BAE3042764C6EE003A1CE8 /* BasePickerView.swift */,
				09BAE3082764C76D003A1CE8 /* BasePickerDateView.swift */,
				09BAE30A2764C998003A1CE8 /* BaseSliderView.swift */,
				09BAE30C2764CA02003A1CE8 /* BaseStepperView.swift */,
				09BAE30E2764CA90003A1CE8 /* BaseSegmentView.swift */,
				09BAE3102764CADC003A1CE8 /* BaseToggleView.swift */,
				09BAE3122764CB14003A1CE8 /* BaseTabView.swift */,
				09BAE3142764CB57003A1CE8 /* BaseWebView.swift */,
				09BAE3162764D4B8003A1CE8 /* BaseWebPageView.swift */,
			);
			path = BaseSpacer;
			sourceTree = "<group>";
		};
/* End PBXGroup section */

/* Begin PBXNativeTarget section */
		09BAE2BC2764B2D5003A1CE8 /* BaseProject0 */ = {
			isa = PBXNativeTarget;
			buildConfigurationList = 09BAE2D12764B2D6003A1CE8 /* Build configuration list for PBXNativeTarget "BaseProject0" */;
			buildPhases = (
				09BAE2B92764B2D5003A1CE8 /* Sources */,
				09BAE2BA2764B2D5003A1CE8 /* Frameworks */,
				09BAE2BB2764B2D5003A1CE8 /* Resources */,
			);
			buildRules = (
			);
			dependencies = (
			);
			name = BaseProject0;
			productName = BaseProject0;
			productReference = 09BAE2BD2764B2D5003A1CE8 /* BaseProject0.app */;
			productType = "com.apple.product-type.application";
		};
/* End PBXNativeTarget section */

/* Begin PBXProject section */
		09BAE2B52764B2D5003A1CE8 /* Project object */ = {
			isa = PBXProject;
			attributes = {
				BuildIndependentTargetsInParallel = 1;
				CLASSPREFIX = Base;
				LastSwiftUpdateCheck = 1310;
				LastUpgradeCheck = 1310;
				TargetAttributes = {
					09BAE2BC2764B2D5003A1CE8 = {
						CreatedOnToolsVersion = 13.1;
					};
				};
			};
			buildConfigurationList = 09BAE2B82764B2D5003A1CE8 /* Build configuration list for PBXProject "BaseProject0" */;
			compatibilityVersion = "Xcode 13.0";
			developmentRegion = en;
			hasScannedForEncodings = 0;
			knownRegions = (
				en,
				Base,
			);
			mainGroup = 09BAE2B42764B2D5003A1CE8;
			productRefGroup = 09BAE2BE2764B2D5003A1CE8 /* Products */;
			projectDirPath = "";
			projectRoot = "";
			targets = (
				09BAE2BC2764B2D5003A1CE8 /* BaseProject0 */,
			);
		};
/* End PBXProject section */

/* Begin PBXResourcesBuildPhase section */
		09BAE2BB2764B2D5003A1CE8 /* Resources */ = {
			isa = PBXResourcesBuildPhase;
			buildActionMask = 2147483647;
			files = (
				09BAE2CD2764B2D6003A1CE8 /* LaunchScreen.storyboard in Resources */,
				09BAE2CA2764B2D6003A1CE8 /* Assets.xcassets in Resources */,
				09BAE2C82764B2D5003A1CE8 /* Main.storyboard in Resources */,
			);
			runOnlyForDeploymentPostprocessing = 0;
		};
/* End PBXResourcesBuildPhase section */

/* Begin PBXSourcesBuildPhase section */
		09BAE2B92764B2D5003A1CE8 /* Sources */ = {
			isa = PBXSourcesBuildPhase;
			buildActionMask = 2147483647;
			files = (
				09BAE3152764CB57003A1CE8 /* BaseWebView.swift in Sources */,
				09BAE2EC2764BD82003A1CE8 /* BaseButton.swift in Sources */,
				09BAE2F72764C265003A1CE8 /* BaseImage_Basic.swift in Sources */,
				09BAE3172764D4B8003A1CE8 /* BaseWebPageView.swift in Sources */,
				09BAE2DB2764B67C003A1CE8 /* BasePaddingView.swift in Sources */,
				09BAE2FF2764C58E003A1CE8 /* BaseImage_MaskView.swift in Sources */,
				09BAE2FD2764C498003A1CE8 /* BaseImage_BlendView.swift in Sources */,
				09BAE30D2764CA02003A1CE8 /* BaseStepperView.swift in Sources */,
				09BAE30B2764C998003A1CE8 /* BaseSliderView.swift in Sources */,
				09BAE2F52764C16D003A1CE8 /* BaseDividerView.swift in Sources */,
				09BAE2C52764B2D5003A1CE8 /* ViewController.swift in Sources */,
				09BAE2C12764B2D5003A1CE8 /* AppDelegate.swift in Sources */,
				09BAE2F92764C2FE003A1CE8 /* BaseImage_StyleView.swift in Sources */,
				09BAE2F32764C0CD003A1CE8 /* BaseSpacer.swift in Sources */,
				09BAE3052764C6EE003A1CE8 /* BasePickerView.swift in Sources */,
				09BAE30F2764CA90003A1CE8 /* BaseSegmentView.swift in Sources */,
				09BAE2D72764B459003A1CE8 /* BaseTextView.swift in Sources */,
				09BAE2E72764BAFF003A1CE8 /* BaseTextField.swift in Sources */,
				09BAE3092764C76D003A1CE8 /* BasePickerDateView.swift in Sources */,
				09BAE2E32764B94F003A1CE8 /* BaseTextAppendView.swift in Sources */,
				09BAE2D92764B59D003A1CE8 /* BaseTextPargraphView.swift in Sources */,
				09BAE2E12764B89A003A1CE8 /* BaseTextDateFormatterView.swift in Sources */,
				09BAE2EE2764BEAA003A1CE8 /* BaseButtonSheetView.swift in Sources */,
				09BAE3132764CB14003A1CE8 /* BaseTabView.swift in Sources */,
				09BAE3032764C642003A1CE8 /* BaseImageWebView.swift in Sources */,
				09BAE2DD2764B766003A1CE8 /* BaseTextFullScreenView.swift in Sources */,
				09BAE2D52764B302003A1CE8 /* ContentView.swift in Sources */,
				09BAE2F02764BF77003A1CE8 /* MyDetailView.swift in Sources */,
				09BAE2C32764B2D5003A1CE8 /* SceneDelegate.swift in Sources */,
				09BAE2FB2764C3DE003A1CE8 /* BaseImage_ProcessingView.swift in Sources */,
				09BAE3112764CADC003A1CE8 /* BaseToggleView.swift in Sources */,
				09BAE3012764C5CB003A1CE8 /* BaseImage_TransformView.swift in Sources */,
				09BAE2E92764BBFB003A1CE8 /* BaseTextField_SecureFieldView.swift in Sources */,
			);
			runOnlyForDeploymentPostprocessing = 0;
		};
/* End PBXSourcesBuildPhase section */

/* Begin PBXVariantGroup section */
		09BAE2C62764B2D5003A1CE8 /* Main.storyboard */ = {
			isa = PBXVariantGroup;
			children = (
				09BAE2C72764B2D5003A1CE8 /* Base */,
			);
			name = Main.storyboard;
			sourceTree = "<group>";
		};
		09BAE2CB2764B2D6003A1CE8 /* LaunchScreen.storyboard */ = {
			isa = PBXVariantGroup;
			children = (
				09BAE2CC2764B2D6003A1CE8 /* Base */,
			);
			name = LaunchScreen.storyboard;
			sourceTree = "<group>";
		};
/* End PBXVariantGroup section */

/* Begin XCBuildConfiguration section */
		09BAE2CF2764B2D6003A1CE8 /* Debug */ = {
			isa = XCBuildConfiguration;
			buildSettings = {
				ALWAYS_SEARCH_USER_PATHS = NO;
				CLANG_ANALYZER_NONNULL = YES;
				CLANG_ANALYZER_NUMBER_OBJECT_CONVERSION = YES_AGGRESSIVE;
				CLANG_CXX_LANGUAGE_STANDARD = "gnu++17";
				CLANG_CXX_LIBRARY = "libc++";
				CLANG_ENABLE_MODULES = YES;
				CLANG_ENABLE_OBJC_ARC = YES;
				CLANG_ENABLE_OBJC_WEAK = YES;
				CLANG_WARN_BLOCK_CAPTURE_AUTORELEASING = YES;
				CLANG_WARN_BOOL_CONVERSION = YES;
				CLANG_WARN_COMMA = YES;
				CLANG_WARN_CONSTANT_CONVERSION = YES;
				CLANG_WARN_DEPRECATED_OBJC_IMPLEMENTATIONS = YES;
				CLANG_WARN_DIRECT_OBJC_ISA_USAGE = YES_ERROR;
				CLANG_WARN_DOCUMENTATION_COMMENTS = YES;
				CLANG_WARN_EMPTY_BODY = YES;
				CLANG_WARN_ENUM_CONVERSION = YES;
				CLANG_WARN_INFINITE_RECURSION = YES;
				CLANG_WARN_INT_CONVERSION = YES;
				CLANG_WARN_NON_LITERAL_NULL_CONVERSION = YES;
				CLANG_WARN_OBJC_IMPLICIT_RETAIN_SELF = YES;
				CLANG_WARN_OBJC_LITERAL_CONVERSION = YES;
				CLANG_WARN_OBJC_ROOT_CLASS = YES_ERROR;
				CLANG_WARN_QUOTED_INCLUDE_IN_FRAMEWORK_HEADER = YES;
				CLANG_WARN_RANGE_LOOP_ANALYSIS = YES;
				CLANG_WARN_STRICT_PROTOTYPES = YES;
				CLANG_WARN_SUSPICIOUS_MOVE = YES;
				CLANG_WARN_UNGUARDED_AVAILABILITY = YES_AGGRESSIVE;
				CLANG_WARN_UNREACHABLE_CODE = YES;
				CLANG_WARN__DUPLICATE_METHOD_MATCH = YES;
				COPY_PHASE_STRIP = NO;
				DEBUG_INFORMATION_FORMAT = dwarf;
				ENABLE_STRICT_OBJC_MSGSEND = YES;
				ENABLE_TESTABILITY = YES;
				GCC_C_LANGUAGE_STANDARD = gnu11;
				GCC_DYNAMIC_NO_PIC = NO;
				GCC_NO_COMMON_BLOCKS = YES;
				GCC_OPTIMIZATION_LEVEL = 0;
				GCC_PREPROCESSOR_DEFINITIONS = (
					"DEBUG=1",
					"$(inherited)",
				);
				GCC_WARN_64_TO_32_BIT_CONVERSION = YES;
				GCC_WARN_ABOUT_RETURN_TYPE = YES_ERROR;
				GCC_WARN_UNDECLARED_SELECTOR = YES;
				GCC_WARN_UNINITIALIZED_AUTOS = YES_AGGRESSIVE;
				GCC_WARN_UNUSED_FUNCTION = YES;
				GCC_WARN_UNUSED_VARIABLE = YES;
				IPHONEOS_DEPLOYMENT_TARGET = 15.0;
				MTL_ENABLE_DEBUG_INFO = INCLUDE_SOURCE;
				MTL_FAST_MATH = YES;
				ONLY_ACTIVE_ARCH = YES;
				SDKROOT = iphoneos;
				SWIFT_ACTIVE_COMPILATION_CONDITIONS = DEBUG;
				SWIFT_OPTIMIZATION_LEVEL = "-Onone";
			};
			name = Debug;
		};
		09BAE2D02764B2D6003A1CE8 /* Release */ = {
			isa = XCBuildConfiguration;
			buildSettings = {
				ALWAYS_SEARCH_USER_PATHS = NO;
				CLANG_ANALYZER_NONNULL = YES;
				CLANG_ANALYZER_NUMBER_OBJECT_CONVERSION = YES_AGGRESSIVE;
				CLANG_CXX_LANGUAGE_STANDARD = "gnu++17";
				CLANG_CXX_LIBRARY = "libc++";
				CLANG_ENABLE_MODULES = YES;
				CLANG_ENABLE_OBJC_ARC = YES;
				CLANG_ENABLE_OBJC_WEAK = YES;
				CLANG_WARN_BLOCK_CAPTURE_AUTORELEASING = YES;
				CLANG_WARN_BOOL_CONVERSION = YES;
				CLANG_WARN_COMMA = YES;
				CLANG_WARN_CONSTANT_CONVERSION = YES;
				CLANG_WARN_DEPRECATED_OBJC_IMPLEMENTATIONS = YES;
				CLANG_WARN_DIRECT_OBJC_ISA_USAGE = YES_ERROR;
				CLANG_WARN_DOCUMENTATION_COMMENTS = YES;
				CLANG_WARN_EMPTY_BODY = YES;
				CLANG_WARN_ENUM_CONVERSION = YES;
				CLANG_WARN_INFINITE_RECURSION = YES;
				CLANG_WARN_INT_CONVERSION = YES;
				CLANG_WARN_NON_LITERAL_NULL_CONVERSION = YES;
				CLANG_WARN_OBJC_IMPLICIT_RETAIN_SELF = YES;
				CLANG_WARN_OBJC_LITERAL_CONVERSION = YES;
				CLANG_WARN_OBJC_ROOT_CLASS = YES_ERROR;
				CLANG_WARN_QUOTED_INCLUDE_IN_FRAMEWORK_HEADER = YES;
				CLANG_WARN_RANGE_LOOP_ANALYSIS = YES;
				CLANG_WARN_STRICT_PROTOTYPES = YES;
				CLANG_WARN_SUSPICIOUS_MOVE = YES;
				CLANG_WARN_UNGUARDED_AVAILABILITY = YES_AGGRESSIVE;
				CLANG_WARN_UNREACHABLE_CODE = YES;
				CLANG_WARN__DUPLICATE_METHOD_MATCH = YES;
				COPY_PHASE_STRIP = NO;
				DEBUG_INFORMATION_FORMAT = "dwarf-with-dsym";
				ENABLE_NS_ASSERTIONS = NO;
				ENABLE_STRICT_OBJC_MSGSEND = YES;
				GCC_C_LANGUAGE_STANDARD = gnu11;
				GCC_NO_COMMON_BLOCKS = YES;
				GCC_WARN_64_TO_32_BIT_CONVERSION = YES;
				GCC_WARN_ABOUT_RETURN_TYPE = YES_ERROR;
				GCC_WARN_UNDECLARED_SELECTOR = YES;
				GCC_WARN_UNINITIALIZED_AUTOS = YES_AGGRESSIVE;
				GCC_WARN_UNUSED_FUNCTION = YES;
				GCC_WARN_UNUSED_VARIABLE = YES;
				IPHONEOS_DEPLOYMENT_TARGET = 15.0;
				MTL_ENABLE_DEBUG_INFO = NO;
				MTL_FAST_MATH = YES;
				SDKROOT = iphoneos;
				SWIFT_COMPILATION_MODE = wholemodule;
				SWIFT_OPTIMIZATION_LEVEL = "-O";
				VALIDATE_PRODUCT = YES;
			};
			name = Release;
		};
		09BAE2D22764B2D6003A1CE8 /* Debug */ = {
			isa = XCBuildConfiguration;
			buildSettings = {
				ASSETCATALOG_COMPILER_APPICON_NAME = AppIcon;
				ASSETCATALOG_COMPILER_GLOBAL_ACCENT_COLOR_NAME = AccentColor;
				CODE_SIGN_STYLE = Automatic;
				CURRENT_PROJECT_VERSION = 1;
				DEVELOPMENT_TEAM = X8H2FVY856;
				GENERATE_INFOPLIST_FILE = YES;
				INFOPLIST_FILE = BaseProject0/Info.plist;
				INFOPLIST_KEY_UIApplicationSupportsIndirectInputEvents = YES;
				INFOPLIST_KEY_UILaunchStoryboardName = LaunchScreen;
				INFOPLIST_KEY_UIMainStoryboardFile = Main;
				INFOPLIST_KEY_UISupportedInterfaceOrientations_iPad = "UIInterfaceOrientationPortrait UIInterfaceOrientationPortraitUpsideDown UIInterfaceOrientationLandscapeLeft UIInterfaceOrientationLandscapeRight";
				INFOPLIST_KEY_UISupportedInterfaceOrientations_iPhone = "UIInterfaceOrientationPortrait UIInterfaceOrientationLandscapeLeft UIInterfaceOrientationLandscapeRight";
				LD_RUNPATH_SEARCH_PATHS = (
					"$(inherited)",
					"@executable_path/Frameworks",
				);
				MARKETING_VERSION = 1.0;
				PRODUCT_BUNDLE_IDENTIFIER = com.pp.cpp.BaseProject0;
				PRODUCT_NAME = "$(TARGET_NAME)";
				SWIFT_EMIT_LOC_STRINGS = YES;
				SWIFT_VERSION = 5.0;
				TARGETED_DEVICE_FAMILY = "1,2";
			};
			name = Debug;
		};
		09BAE2D32764B2D6003A1CE8 /* Release */ = {
			isa = XCBuildConfiguration;
			buildSettings = {
				ASSETCATALOG_COMPILER_APPICON_NAME = AppIcon;
				ASSETCATALOG_COMPILER_GLOBAL_ACCENT_COLOR_NAME = AccentColor;
				CODE_SIGN_STYLE = Automatic;
				CURRENT_PROJECT_VERSION = 1;
				DEVELOPMENT_TEAM = X8H2FVY856;
				GENERATE_INFOPLIST_FILE = YES;
				INFOPLIST_FILE = BaseProject0/Info.plist;
				INFOPLIST_KEY_UIApplicationSupportsIndirectInputEvents = YES;
				INFOPLIST_KEY_UILaunchStoryboardName = LaunchScreen;
				INFOPLIST_KEY_UIMainStoryboardFile = Main;
				INFOPLIST_KEY_UISupportedInterfaceOrientations_iPad = "UIInterfaceOrientationPortrait UIInterfaceOrientationPortraitUpsideDown UIInterfaceOrientationLandscapeLeft UIInterfaceOrientationLandscapeRight";
				INFOPLIST_KEY_UISupportedInterfaceOrientations_iPhone = "UIInterfaceOrientationPortrait UIInterfaceOrientationLandscapeLeft UIInterfaceOrientationLandscapeRight";
				LD_RUNPATH_SEARCH_PATHS = (
					"$(inherited)",
					"@executable_path/Frameworks",
				);
				MARKETING_VERSION = 1.0;
				PRODUCT_BUNDLE_IDENTIFIER = com.pp.cpp.BaseProject0;
				PRODUCT_NAME = "$(TARGET_NAME)";
				SWIFT_EMIT_LOC_STRINGS = YES;
				SWIFT_VERSION = 5.0;
				TARGETED_DEVICE_FAMILY = "1,2";
			};
			name = Release;
		};
/* End XCBuildConfiguration section */

/* Begin XCConfigurationList section */
		09BAE2B82764B2D5003A1CE8 /* Build configuration list for PBXProject "BaseProject0" */ = {
			isa = XCConfigurationList;
			buildConfigurations = (
				09BAE2CF2764B2D6003A1CE8 /* Debug */,
				09BAE2D02764B2D6003A1CE8 /* Release */,
			);
			defaultConfigurationIsVisible = 0;
			defaultConfigurationName = Release;
		};
		09BAE2D12764B2D6003A1CE8 /* Build configuration list for PBXNativeTarget "BaseProject0" */ = {
			isa = XCConfigurationList;
			buildConfigurations = (
				09BAE2D22764B2D6003A1CE8 /* Debug */,
				09BAE2D32764B2D6003A1CE8 /* Release */,
			);
			defaultConfigurationIsVisible = 0;
			defaultConfigurationName = Release;
		};
/* End XCConfigurationList section */
	};
	rootObject = 09BAE2B52764B2D5003A1CE8 /* Project object */;
}
