// !$*UTF8*$!
{
	archiveVersion = 1;
	classes = {
	};
	objectVersion = 55;
	objects = {

/* Begin PBXBuildFile section */
		090E46A327677CFF00EE4223 /* BaseAnimationBaseView.swift in Sources */ = {isa = PBXBuildFile; fileRef = 090E46A227677CFF00EE4223 /* BaseAnimationBaseView.swift */; };
		090E46A527677FBF00EE4223 /* BaseGestureView.swift in Sources */ = {isa = PBXBuildFile; fileRef = 090E46A427677FBF00EE4223 /* BaseGestureView.swift */; };
		090E46A72767811800EE4223 /* BaseLaoutView.swift in Sources */ = {isa = PBXBuildFile; fileRef = 090E46A62767811800EE4223 /* BaseLaoutView.swift */; };
		0914174527671880001A8CA4 /* BaseListView.swift in Sources */ = {isa = PBXBuildFile; fileRef = 0914174427671880001A8CA4 /* BaseListView.swift */; };
		0914174727671C9E001A8CA4 /* BaseListInsertView.swift in Sources */ = {isa = PBXBuildFile; fileRef = 0914174627671C9E001A8CA4 /* BaseListInsertView.swift */; };
		0914174927671DD7001A8CA4 /* BaseListDeleteView.swift in Sources */ = {isa = PBXBuildFile; fileRef = 0914174827671DD7001A8CA4 /* BaseListDeleteView.swift */; };
		0914174B27671E58001A8CA4 /* BaseListMoveView.swift in Sources */ = {isa = PBXBuildFile; fileRef = 0914174A27671E58001A8CA4 /* BaseListMoveView.swift */; };
		0914174D27671E94001A8CA4 /* BaseListDeleteMoveView.swift in Sources */ = {isa = PBXBuildFile; fileRef = 0914174C27671E94001A8CA4 /* BaseListDeleteMoveView.swift */; };
		0914174F27671F0A001A8CA4 /* BaseScrollVerticalView.swift in Sources */ = {isa = PBXBuildFile; fileRef = 0914174E27671F0A001A8CA4 /* BaseScrollVerticalView.swift */; };
		0914175127671FA7001A8CA4 /* BaseScrollViewHorizontalView.swift in Sources */ = {isa = PBXBuildFile; fileRef = 0914175027671FA7001A8CA4 /* BaseScrollViewHorizontalView.swift */; };
		0914175327672034001A8CA4 /* BaseScrollView_VerticalAndHorizontalView.swift in Sources */ = {isa = PBXBuildFile; fileRef = 0914175227672034001A8CA4 /* BaseScrollView_VerticalAndHorizontalView.swift */; };
		09141755276721A6001A8CA4 /* BaseFormView.swift in Sources */ = {isa = PBXBuildFile; fileRef = 09141754276721A6001A8CA4 /* BaseFormView.swift */; };
		0914175727672289001A8CA4 /* BaseForm_SegmentView.swift in Sources */ = {isa = PBXBuildFile; fileRef = 0914175627672289001A8CA4 /* BaseForm_SegmentView.swift */; };
		0914175927672302001A8CA4 /* BaseForm_EnableDisableView.swift in Sources */ = {isa = PBXBuildFile; fileRef = 0914175827672302001A8CA4 /* BaseForm_EnableDisableView.swift */; };
		0914175B27672377001A8CA4 /* BaseForm_ShowHideView.swift in Sources */ = {isa = PBXBuildFile; fileRef = 0914175A27672377001A8CA4 /* BaseForm_ShowHideView.swift */; };
		0914175D27672450001A8CA4 /* BaseNavigationLinkView.swift in Sources */ = {isa = PBXBuildFile; fileRef = 0914175C27672450001A8CA4 /* BaseNavigationLinkView.swift */; };
		0914175F276724C5001A8CA4 /* BaseNavigationLink_GoBackView.swift in Sources */ = {isa = PBXBuildFile; fileRef = 0914175E276724C5001A8CA4 /* BaseNavigationLink_GoBackView.swift */; };
		091417612767255D001A8CA4 /* BasePageNavigationView.swift in Sources */ = {isa = PBXBuildFile; fileRef = 091417602767255D001A8CA4 /* BasePageNavigationView.swift */; };
		0914176327672B99001A8CA4 /* BaseObjectBindingView.swift in Sources */ = {isa = PBXBuildFile; fileRef = 0914176227672B99001A8CA4 /* BaseObjectBindingView.swift */; };
		0914176527672C1E001A8CA4 /* BaseEnviromentObjectView.swift in Sources */ = {isa = PBXBuildFile; fileRef = 0914176427672C1E001A8CA4 /* BaseEnviromentObjectView.swift */; };
		0914176727672EA1001A8CA4 /* BaseShowModalView.swift in Sources */ = {isa = PBXBuildFile; fileRef = 0914176627672EA1001A8CA4 /* BaseShowModalView.swift */; };
		0914176927672EEA001A8CA4 /* BaseShow_AlertView.swift in Sources */ = {isa = PBXBuildFile; fileRef = 0914176827672EEA001A8CA4 /* BaseShow_AlertView.swift */; };
		0914176B27672F56001A8CA4 /* BaseShow_ActionSheetView.swift in Sources */ = {isa = PBXBuildFile; fileRef = 0914176A27672F56001A8CA4 /* BaseShow_ActionSheetView.swift */; };
		0914176D27672FBF001A8CA4 /* BasePreviewInNavigationView.swift in Sources */ = {isa = PBXBuildFile; fileRef = 0914176C27672FBF001A8CA4 /* BasePreviewInNavigationView.swift */; };
		0914176F27673009001A8CA4 /* BaseBackgroundView.swift in Sources */ = {isa = PBXBuildFile; fileRef = 0914176E27673009001A8CA4 /* BaseBackgroundView.swift */; };
		0914177127673069001A8CA4 /* BaseSizeCategoryView.swift in Sources */ = {isa = PBXBuildFile; fileRef = 0914177027673069001A8CA4 /* BaseSizeCategoryView.swift */; };
		0914177327674427001A8CA4 /* BasePreviewDeviceView.swift in Sources */ = {isa = PBXBuildFile; fileRef = 0914177227674427001A8CA4 /* BasePreviewDeviceView.swift */; };
		09141775276745A9001A8CA4 /* Base_ViewAsPropertiesView.swift in Sources */ = {isa = PBXBuildFile; fileRef = 09141774276745A9001A8CA4 /* Base_ViewAsPropertiesView.swift */; };
		0914177727674680001A8CA4 /* Base_onAppear_onDisappeaView.swift in Sources */ = {isa = PBXBuildFile; fileRef = 0914177627674680001A8CA4 /* Base_onAppear_onDisappeaView.swift */; };
		091417792767471A001A8CA4 /* Base_ColorScheme_LightAndDarkView.swift in Sources */ = {isa = PBXBuildFile; fileRef = 091417782767471A001A8CA4 /* Base_ColorScheme_LightAndDarkView.swift */; };
		0914177B2767483E001A8CA4 /* Base_AnyView.swift in Sources */ = {isa = PBXBuildFile; fileRef = 0914177A2767483E001A8CA4 /* Base_AnyView.swift */; };
		0914177D276748C4001A8CA4 /* BaseNavigationBarTitleView.swift in Sources */ = {isa = PBXBuildFile; fileRef = 0914177C276748C4001A8CA4 /* BaseNavigationBarTitleView.swift */; };
		0914177F27674A63001A8CA4 /* Base_NavigationItem_View.swift in Sources */ = {isa = PBXBuildFile; fileRef = 0914177E27674A63001A8CA4 /* Base_NavigationItem_View.swift */; };
		0914178127674AFB001A8CA4 /* Base_ViewModifier_View.swift in Sources */ = {isa = PBXBuildFile; fileRef = 0914178027674AFB001A8CA4 /* Base_ViewModifier_View.swift */; };
		0914178427674F7A001A8CA4 /* BaseView.swift in Sources */ = {isa = PBXBuildFile; fileRef = 0914178327674F7A001A8CA4 /* BaseView.swift */; };
		09BAE2C12764B2D5003A1CE8 /* AppDelegate.swift in Sources */ = {isa = PBXBuildFile; fileRef = 09BAE2C02764B2D5003A1CE8 /* AppDelegate.swift */; };
		09BAE2C32764B2D5003A1CE8 /* SceneDelegate.swift in Sources */ = {isa = PBXBuildFile; fileRef = 09BAE2C22764B2D5003A1CE8 /* SceneDelegate.swift */; };
		09BAE2C52764B2D5003A1CE8 /* ViewController.swift in Sources */ = {isa = PBXBuildFile; fileRef = 09BAE2C42764B2D5003A1CE8 /* ViewController.swift */; };
		09BAE2C82764B2D5003A1CE8 /* Main.storyboard in Resources */ = {isa = PBXBuildFile; fileRef = 09BAE2C62764B2D5003A1CE8 /* Main.storyboard */; };
		09BAE2CA2764B2D6003A1CE8 /* Assets.xcassets in Resources */ = {isa = PBXBuildFile; fileRef = 09BAE2C92764B2D6003A1CE8 /* Assets.xcassets */; };
		09BAE2CD2764B2D6003A1CE8 /* LaunchScreen.storyboard in Resources */ = {isa = PBXBuildFile; fileRef = 09BAE2CB2764B2D6003A1CE8 /* LaunchScreen.storyboard */; };
		09BAE2D52764B302003A1CE8 /* ContentView.swift in Sources */ = {isa = PBXBuildFile; fileRef = 09BAE2D42764B302003A1CE8 /* ContentView.swift */; };
		09BAE2D72764B459003A1CE8 /* BaseTextView.swift in Sources */ = {isa = PBXBuildFile; fileRef = 09BAE2D62764B459003A1CE8 /* BaseTextView.swift */; };
		09BAE2D92764B59D003A1CE8 /* BaseTextPargraphView.swift in Sources */ = {isa = PBXBuildFile; fileRef = 09BAE2D82764B59D003A1CE8 /* BaseTextPargraphView.swift */; };
		09BAE2DB2764B67C003A1CE8 /* BasePaddingView.swift in Sources */ = {isa = PBXBuildFile; fileRef = 09BAE2DA2764B67C003A1CE8 /* BasePaddingView.swift */; };
		09BAE2DD2764B766003A1CE8 /* BaseTextFullScreenView.swift in Sources */ = {isa = PBXBuildFile; fileRef = 09BAE2DC2764B766003A1CE8 /* BaseTextFullScreenView.swift */; };
		09BAE2E12764B89A003A1CE8 /* BaseTextDateFormatterView.swift in Sources */ = {isa = PBXBuildFile; fileRef = 09BAE2E02764B89A003A1CE8 /* BaseTextDateFormatterView.swift */; };
		09BAE2E32764B94F003A1CE8 /* BaseTextAppendView.swift in Sources */ = {isa = PBXBuildFile; fileRef = 09BAE2E22764B94F003A1CE8 /* BaseTextAppendView.swift */; };
		09BAE2E72764BAFF003A1CE8 /* BaseTextField.swift in Sources */ = {isa = PBXBuildFile; fileRef = 09BAE2E62764BAFF003A1CE8 /* BaseTextField.swift */; };
		09BAE2E92764BBFB003A1CE8 /* BaseTextField_SecureFieldView.swift in Sources */ = {isa = PBXBuildFile; fileRef = 09BAE2E82764BBFB003A1CE8 /* BaseTextField_SecureFieldView.swift */; };
		09BAE2EC2764BD82003A1CE8 /* BaseButton.swift in Sources */ = {isa = PBXBuildFile; fileRef = 09BAE2EB2764BD82003A1CE8 /* BaseButton.swift */; };
		09BAE2EE2764BEAA003A1CE8 /* BaseButtonSheetView.swift in Sources */ = {isa = PBXBuildFile; fileRef = 09BAE2ED2764BEAA003A1CE8 /* BaseButtonSheetView.swift */; };
		09BAE2F02764BF77003A1CE8 /* MyDetailView.swift in Sources */ = {isa = PBXBuildFile; fileRef = 09BAE2EF2764BF77003A1CE8 /* MyDetailView.swift */; };
		09BAE2F32764C0CD003A1CE8 /* BaseSpacer.swift in Sources */ = {isa = PBXBuildFile; fileRef = 09BAE2F22764C0CD003A1CE8 /* BaseSpacer.swift */; };
		09BAE2F52764C16D003A1CE8 /* BaseDividerView.swift in Sources */ = {isa = PBXBuildFile; fileRef = 09BAE2F42764C16D003A1CE8 /* BaseDividerView.swift */; };
		09BAE2F72764C265003A1CE8 /* BaseImage_Basic.swift in Sources */ = {isa = PBXBuildFile; fileRef = 09BAE2F62764C265003A1CE8 /* BaseImage_Basic.swift */; };
		09BAE2F92764C2FE003A1CE8 /* BaseImage_StyleView.swift in Sources */ = {isa = PBXBuildFile; fileRef = 09BAE2F82764C2FE003A1CE8 /* BaseImage_StyleView.swift */; };
		09BAE2FB2764C3DE003A1CE8 /* BaseImage_ProcessingView.swift in Sources */ = {isa = PBXBuildFile; fileRef = 09BAE2FA2764C3DE003A1CE8 /* BaseImage_ProcessingView.swift */; };
		09BAE2FD2764C498003A1CE8 /* BaseImage_BlendView.swift in Sources */ = {isa = PBXBuildFile; fileRef = 09BAE2FC2764C498003A1CE8 /* BaseImage_BlendView.swift */; };
		09BAE2FF2764C58E003A1CE8 /* BaseImage_MaskView.swift in Sources */ = {isa = PBXBuildFile; fileRef = 09BAE2FE2764C58E003A1CE8 /* BaseImage_MaskView.swift */; };
		09BAE3012764C5CB003A1CE8 /* BaseImage_TransformView.swift in Sources */ = {isa = PBXBuildFile; fileRef = 09BAE3002764C5CB003A1CE8 /* BaseImage_TransformView.swift */; };
		09BAE3032764C642003A1CE8 /* BaseImageWebView.swift in Sources */ = {isa = PBXBuildFile; fileRef = 09BAE3022764C642003A1CE8 /* BaseImageWebView.swift */; };
		09BAE3052764C6EE003A1CE8 /* BasePickerView.swift in Sources */ = {isa = PBXBuildFile; fileRef = 09BAE3042764C6EE003A1CE8 /* BasePickerView.swift */; };
		09BAE3092764C76D003A1CE8 /* BasePickerDateView.swift in Sources */ = {isa = PBXBuildFile; fileRef = 09BAE3082764C76D003A1CE8 /* BasePickerDateView.swift */; };
		09BAE30B2764C998003A1CE8 /* BaseSliderView.swift in Sources */ = {isa = PBXBuildFile; fileRef = 09BAE30A2764C998003A1CE8 /* BaseSliderView.swift */; };
		09BAE30D2764CA02003A1CE8 /* BaseStepperView.swift in Sources */ = {isa = PBXBuildFile; fileRef = 09BAE30C2764CA02003A1CE8 /* BaseStepperView.swift */; };
		09BAE30F2764CA90003A1CE8 /* BaseSegmentView.swift in Sources */ = {isa = PBXBuildFile; fileRef = 09BAE30E2764CA90003A1CE8 /* BaseSegmentView.swift */; };
		09BAE3112764CADC003A1CE8 /* BaseToggleView.swift in Sources */ = {isa = PBXBuildFile; fileRef = 09BAE3102764CADC003A1CE8 /* BaseToggleView.swift */; };
		09BAE3132764CB14003A1CE8 /* BaseTabView.swift in Sources */ = {isa = PBXBuildFile; fileRef = 09BAE3122764CB14003A1CE8 /* BaseTabView.swift */; };
		09BAE3152764CB57003A1CE8 /* BaseWebView.swift in Sources */ = {isa = PBXBuildFile; fileRef = 09BAE3142764CB57003A1CE8 /* BaseWebView.swift */; };
		09BAE3172764D4B8003A1CE8 /* BaseWebPageView.swift in Sources */ = {isa = PBXBuildFile; fileRef = 09BAE3162764D4B8003A1CE8 /* BaseWebPageView.swift */; };
		09BAE3192764DA74003A1CE8 /* BaseMapView.swift in Sources */ = {isa = PBXBuildFile; fileRef = 09BAE3182764DA74003A1CE8 /* BaseMapView.swift */; };
		09BAE31B2764DB96003A1CE8 /* BasePaintingView.swift in Sources */ = {isa = PBXBuildFile; fileRef = 09BAE31A2764DB96003A1CE8 /* BasePaintingView.swift */; };
		09BAE31D2764DBF2003A1CE8 /* BaseShapeRectView.swift in Sources */ = {isa = PBXBuildFile; fileRef = 09BAE31C2764DBF2003A1CE8 /* BaseShapeRectView.swift */; };
		09BAE3212764DC89003A1CE8 /* BaseShapPathView.swift in Sources */ = {isa = PBXBuildFile; fileRef = 09BAE3202764DC89003A1CE8 /* BaseShapPathView.swift */; };
		09BAE3232764DD11003A1CE8 /* BaseLinearGradienView.swift in Sources */ = {isa = PBXBuildFile; fileRef = 09BAE3222764DD11003A1CE8 /* BaseLinearGradienView.swift */; };
		09BAE3252764DD3E003A1CE8 /* BaseAngularGradientView.swift in Sources */ = {isa = PBXBuildFile; fileRef = 09BAE3242764DD3E003A1CE8 /* BaseAngularGradientView.swift */; };
		09BAE3272764DDA8003A1CE8 /* BaseRadialGradientView.swift in Sources */ = {isa = PBXBuildFile; fileRef = 09BAE3262764DDA8003A1CE8 /* BaseRadialGradientView.swift */; };
		09BAE32B2764E13F003A1CE8 /* BaseAnimationView1.swift in Sources */ = {isa = PBXBuildFile; fileRef = 09BAE32A2764E13F003A1CE8 /* BaseAnimationView1.swift */; };
		09BAE32D2764E2AA003A1CE8 /* BaseAnimationView2.swift in Sources */ = {isa = PBXBuildFile; fileRef = 09BAE32C2764E2AA003A1CE8 /* BaseAnimationView2.swift */; };
		09BAE32F2764E4FA003A1CE8 /* BaseAnimationView.swift in Sources */ = {isa = PBXBuildFile; fileRef = 09BAE32E2764E4FA003A1CE8 /* BaseAnimationView.swift */; };
		09BAE3312764E55B003A1CE8 /* BaseAnimationView3.swift in Sources */ = {isa = PBXBuildFile; fileRef = 09BAE3302764E55B003A1CE8 /* BaseAnimationView3.swift */; };
		09BAE3332764E5C9003A1CE8 /* BaseAnimationView4.swift in Sources */ = {isa = PBXBuildFile; fileRef = 09BAE3322764E5C9003A1CE8 /* BaseAnimationView4.swift */; };
		09BAE33527670A77003A1CE8 /* BaseAnimationView5.swift in Sources */ = {isa = PBXBuildFile; fileRef = 09BAE33427670A77003A1CE8 /* BaseAnimationView5.swift */; };
		09BAE33927670B05003A1CE8 /* BaseAnimationView6.swift in Sources */ = {isa = PBXBuildFile; fileRef = 09BAE33827670B05003A1CE8 /* BaseAnimationView6.swift */; };
		09BAE33B27670C03003A1CE8 /* BaseToggleVisibilityView.swift in Sources */ = {isa = PBXBuildFile; fileRef = 09BAE33A27670C03003A1CE8 /* BaseToggleVisibilityView.swift */; };
		09BAE33D27670E69003A1CE8 /* BaseAsymmetricTranitionView.swift in Sources */ = {isa = PBXBuildFile; fileRef = 09BAE33C27670E69003A1CE8 /* BaseAsymmetricTranitionView.swift */; };
		09BAE3412767115C003A1CE8 /* BaseGestureSingleTapView.swift in Sources */ = {isa = PBXBuildFile; fileRef = 09BAE3402767115C003A1CE8 /* BaseGestureSingleTapView.swift */; };
		09BAE343276711AF003A1CE8 /* BaseGestureDoubleTapView.swift in Sources */ = {isa = PBXBuildFile; fileRef = 09BAE342276711AF003A1CE8 /* BaseGestureDoubleTapView.swift */; };
		09BAE34527671219003A1CE8 /* BaseGestureLongPressView.swift in Sources */ = {isa = PBXBuildFile; fileRef = 09BAE34427671219003A1CE8 /* BaseGestureLongPressView.swift */; };
		09BAE347276712E3003A1CE8 /* BaseGestureRotationView.swift in Sources */ = {isa = PBXBuildFile; fileRef = 09BAE346276712E3003A1CE8 /* BaseGestureRotationView.swift */; };
		09BAE34B276713E9003A1CE8 /* BaseGestureDargView.swift in Sources */ = {isa = PBXBuildFile; fileRef = 09BAE34A276713E9003A1CE8 /* BaseGestureDargView.swift */; };
		09BAE34D276714AA003A1CE8 /* BaseGestureLongPressAndDragView.swift in Sources */ = {isa = PBXBuildFile; fileRef = 09BAE34C276714AA003A1CE8 /* BaseGestureLongPressAndDragView.swift */; };
		09BAE3502767152C003A1CE8 /* BaseGroupzView.swift in Sources */ = {isa = PBXBuildFile; fileRef = 09BAE34F2767152C003A1CE8 /* BaseGroupzView.swift */; };
		09BAE35227671565003A1CE8 /* BaseHStackView.swift in Sources */ = {isa = PBXBuildFile; fileRef = 09BAE35127671565003A1CE8 /* BaseHStackView.swift */; };
		09BAE356276715D4003A1CE8 /* BaseVStackView.swift in Sources */ = {isa = PBXBuildFile; fileRef = 09BAE355276715D4003A1CE8 /* BaseVStackView.swift */; };
		09BAE35827671686003A1CE8 /* BaseZStackView.swift in Sources */ = {isa = PBXBuildFile; fileRef = 09BAE35727671686003A1CE8 /* BaseZStackView.swift */; };
		21DF4BF0DDA050029C80117E /* Pods_BaseProject0.framework in Frameworks */ = {isa = PBXBuildFile; fileRef = 7BAA0BB20DA60AE52A650279 /* Pods_BaseProject0.framework */; };
/* End PBXBuildFile section */

/* Begin PBXFileReference section */
		090E46A227677CFF00EE4223 /* BaseAnimationBaseView.swift */ = {isa = PBXFileReference; lastKnownFileType = sourcecode.swift; path = BaseAnimationBaseView.swift; sourceTree = "<group>"; };
		090E46A427677FBF00EE4223 /* BaseGestureView.swift */ = {isa = PBXFileReference; lastKnownFileType = sourcecode.swift; path = BaseGestureView.swift; sourceTree = "<group>"; };
		090E46A62767811800EE4223 /* BaseLaoutView.swift */ = {isa = PBXFileReference; lastKnownFileType = sourcecode.swift; path = BaseLaoutView.swift; sourceTree = "<group>"; };
		0914174427671880001A8CA4 /* BaseListView.swift */ = {isa = PBXFileReference; lastKnownFileType = sourcecode.swift; path = BaseListView.swift; sourceTree = "<group>"; };
		0914174627671C9E001A8CA4 /* BaseListInsertView.swift */ = {isa = PBXFileReference; lastKnownFileType = sourcecode.swift; path = BaseListInsertView.swift; sourceTree = "<group>"; };
		0914174827671DD7001A8CA4 /* BaseListDeleteView.swift */ = {isa = PBXFileReference; lastKnownFileType = sourcecode.swift; path = BaseListDeleteView.swift; sourceTree = "<group>"; };
		0914174A27671E58001A8CA4 /* BaseListMoveView.swift */ = {isa = PBXFileReference; lastKnownFileType = sourcecode.swift; path = BaseListMoveView.swift; sourceTree = "<group>"; };
		0914174C27671E94001A8CA4 /* BaseListDeleteMoveView.swift */ = {isa = PBXFileReference; lastKnownFileType = sourcecode.swift; path = BaseListDeleteMoveView.swift; sourceTree = "<group>"; };
		0914174E27671F0A001A8CA4 /* BaseScrollVerticalView.swift */ = {isa = PBXFileReference; lastKnownFileType = sourcecode.swift; path = BaseScrollVerticalView.swift; sourceTree = "<group>"; };
		0914175027671FA7001A8CA4 /* BaseScrollViewHorizontalView.swift */ = {isa = PBXFileReference; lastKnownFileType = sourcecode.swift; path = BaseScrollViewHorizontalView.swift; sourceTree = "<group>"; };
		0914175227672034001A8CA4 /* BaseScrollView_VerticalAndHorizontalView.swift */ = {isa = PBXFileReference; lastKnownFileType = sourcecode.swift; path = BaseScrollView_VerticalAndHorizontalView.swift; sourceTree = "<group>"; };
		09141754276721A6001A8CA4 /* BaseFormView.swift */ = {isa = PBXFileReference; lastKnownFileType = sourcecode.swift; path = BaseFormView.swift; sourceTree = "<group>"; };
		0914175627672289001A8CA4 /* BaseForm_SegmentView.swift */ = {isa = PBXFileReference; lastKnownFileType = sourcecode.swift; path = BaseForm_SegmentView.swift; sourceTree = "<group>"; };
		0914175827672302001A8CA4 /* BaseForm_EnableDisableView.swift */ = {isa = PBXFileReference; lastKnownFileType = sourcecode.swift; path = BaseForm_EnableDisableView.swift; sourceTree = "<group>"; };
		0914175A27672377001A8CA4 /* BaseForm_ShowHideView.swift */ = {isa = PBXFileReference; lastKnownFileType = sourcecode.swift; path = BaseForm_ShowHideView.swift; sourceTree = "<group>"; };
		0914175C27672450001A8CA4 /* BaseNavigationLinkView.swift */ = {isa = PBXFileReference; lastKnownFileType = sourcecode.swift; path = BaseNavigationLinkView.swift; sourceTree = "<group>"; };
		0914175E276724C5001A8CA4 /* BaseNavigationLink_GoBackView.swift */ = {isa = PBXFileReference; lastKnownFileType = sourcecode.swift; path = BaseNavigationLink_GoBackView.swift; sourceTree = "<group>"; };
		091417602767255D001A8CA4 /* BasePageNavigationView.swift */ = {isa = PBXFileReference; lastKnownFileType = sourcecode.swift; path = BasePageNavigationView.swift; sourceTree = "<group>"; };
		0914176227672B99001A8CA4 /* BaseObjectBindingView.swift */ = {isa = PBXFileReference; lastKnownFileType = sourcecode.swift; path = BaseObjectBindingView.swift; sourceTree = "<group>"; };
		0914176427672C1E001A8CA4 /* BaseEnviromentObjectView.swift */ = {isa = PBXFileReference; lastKnownFileType = sourcecode.swift; path = BaseEnviromentObjectView.swift; sourceTree = "<group>"; };
		0914176627672EA1001A8CA4 /* BaseShowModalView.swift */ = {isa = PBXFileReference; lastKnownFileType = sourcecode.swift; path = BaseShowModalView.swift; sourceTree = "<group>"; };
		0914176827672EEA001A8CA4 /* BaseShow_AlertView.swift */ = {isa = PBXFileReference; lastKnownFileType = sourcecode.swift; path = BaseShow_AlertView.swift; sourceTree = "<group>"; };
		0914176A27672F56001A8CA4 /* BaseShow_ActionSheetView.swift */ = {isa = PBXFileReference; lastKnownFileType = sourcecode.swift; path = BaseShow_ActionSheetView.swift; sourceTree = "<group>"; };
		0914176C27672FBF001A8CA4 /* BasePreviewInNavigationView.swift */ = {isa = PBXFileReference; lastKnownFileType = sourcecode.swift; path = BasePreviewInNavigationView.swift; sourceTree = "<group>"; };
		0914176E27673009001A8CA4 /* BaseBackgroundView.swift */ = {isa = PBXFileReference; lastKnownFileType = sourcecode.swift; path = BaseBackgroundView.swift; sourceTree = "<group>"; };
		0914177027673069001A8CA4 /* BaseSizeCategoryView.swift */ = {isa = PBXFileReference; lastKnownFileType = sourcecode.swift; path = BaseSizeCategoryView.swift; sourceTree = "<group>"; };
		0914177227674427001A8CA4 /* BasePreviewDeviceView.swift */ = {isa = PBXFileReference; lastKnownFileType = sourcecode.swift; path = BasePreviewDeviceView.swift; sourceTree = "<group>"; };
		09141774276745A9001A8CA4 /* Base_ViewAsPropertiesView.swift */ = {isa = PBXFileReference; lastKnownFileType = sourcecode.swift; path = Base_ViewAsPropertiesView.swift; sourceTree = "<group>"; };
		0914177627674680001A8CA4 /* Base_onAppear_onDisappeaView.swift */ = {isa = PBXFileReference; lastKnownFileType = sourcecode.swift; path = Base_onAppear_onDisappeaView.swift; sourceTree = "<group>"; };
		091417782767471A001A8CA4 /* Base_ColorScheme_LightAndDarkView.swift */ = {isa = PBXFileReference; lastKnownFileType = sourcecode.swift; path = Base_ColorScheme_LightAndDarkView.swift; sourceTree = "<group>"; };
		0914177A2767483E001A8CA4 /* Base_AnyView.swift */ = {isa = PBXFileReference; lastKnownFileType = sourcecode.swift; path = Base_AnyView.swift; sourceTree = "<group>"; };
		0914177C276748C4001A8CA4 /* BaseNavigationBarTitleView.swift */ = {isa = PBXFileReference; lastKnownFileType = sourcecode.swift; path = BaseNavigationBarTitleView.swift; sourceTree = "<group>"; };
		0914177E27674A63001A8CA4 /* Base_NavigationItem_View.swift */ = {isa = PBXFileReference; lastKnownFileType = sourcecode.swift; path = Base_NavigationItem_View.swift; sourceTree = "<group>"; };
		0914178027674AFB001A8CA4 /* Base_ViewModifier_View.swift */ = {isa = PBXFileReference; lastKnownFileType = sourcecode.swift; path = Base_ViewModifier_View.swift; sourceTree = "<group>"; };
		0914178327674F7A001A8CA4 /* BaseView.swift */ = {isa = PBXFileReference; lastKnownFileType = sourcecode.swift; path = BaseView.swift; sourceTree = "<group>"; };
		09BAE2BD2764B2D5003A1CE8 /* BaseProject0.app */ = {isa = PBXFileReference; explicitFileType = wrapper.application; includeInIndex = 0; path = BaseProject0.app; sourceTree = BUILT_PRODUCTS_DIR; };
		09BAE2C02764B2D5003A1CE8 /* AppDelegate.swift */ = {isa = PBXFileReference; lastKnownFileType = sourcecode.swift; path = AppDelegate.swift; sourceTree = "<group>"; };
		09BAE2C22764B2D5003A1CE8 /* SceneDelegate.swift */ = {isa = PBXFileReference; lastKnownFileType = sourcecode.swift; path = SceneDelegate.swift; sourceTree = "<group>"; };
		09BAE2C42764B2D5003A1CE8 /* ViewController.swift */ = {isa = PBXFileReference; lastKnownFileType = sourcecode.swift; path = ViewController.swift; sourceTree = "<group>"; };
		09BAE2C72764B2D5003A1CE8 /* Base */ = {isa = PBXFileReference; lastKnownFileType = file.storyboard; name = Base; path = Base.lproj/Main.storyboard; sourceTree = "<group>"; };
		09BAE2C92764B2D6003A1CE8 /* Assets.xcassets */ = {isa = PBXFileReference; lastKnownFileType = folder.assetcatalog; path = Assets.xcassets; sourceTree = "<group>"; };
		09BAE2CC2764B2D6003A1CE8 /* Base */ = {isa = PBXFileReference; lastKnownFileType = file.storyboard; name = Base; path = Base.lproj/LaunchScreen.storyboard; sourceTree = "<group>"; };
		09BAE2CE2764B2D6003A1CE8 /* Info.plist */ = {isa = PBXFileReference; lastKnownFileType = text.plist.xml; path = Info.plist; sourceTree = "<group>"; };
		09BAE2D42764B302003A1CE8 /* ContentView.swift */ = {isa = PBXFileReference; lastKnownFileType = sourcecode.swift; path = ContentView.swift; sourceTree = "<group>"; };
		09BAE2D62764B459003A1CE8 /* BaseTextView.swift */ = {isa = PBXFileReference; lastKnownFileType = sourcecode.swift; path = BaseTextView.swift; sourceTree = "<group>"; };
		09BAE2D82764B59D003A1CE8 /* BaseTextPargraphView.swift */ = {isa = PBXFileReference; lastKnownFileType = sourcecode.swift; path = BaseTextPargraphView.swift; sourceTree = "<group>"; };
		09BAE2DA2764B67C003A1CE8 /* BasePaddingView.swift */ = {isa = PBXFileReference; lastKnownFileType = sourcecode.swift; path = BasePaddingView.swift; sourceTree = "<group>"; };
		09BAE2DC2764B766003A1CE8 /* BaseTextFullScreenView.swift */ = {isa = PBXFileReference; lastKnownFileType = sourcecode.swift; path = BaseTextFullScreenView.swift; sourceTree = "<group>"; };
		09BAE2E02764B89A003A1CE8 /* BaseTextDateFormatterView.swift */ = {isa = PBXFileReference; lastKnownFileType = sourcecode.swift; path = BaseTextDateFormatterView.swift; sourceTree = "<group>"; };
		09BAE2E22764B94F003A1CE8 /* BaseTextAppendView.swift */ = {isa = PBXFileReference; lastKnownFileType = sourcecode.swift; path = BaseTextAppendView.swift; sourceTree = "<group>"; };
		09BAE2E62764BAFF003A1CE8 /* BaseTextField.swift */ = {isa = PBXFileReference; lastKnownFileType = sourcecode.swift; path = BaseTextField.swift; sourceTree = "<group>"; };
		09BAE2E82764BBFB003A1CE8 /* BaseTextField_SecureFieldView.swift */ = {isa = PBXFileReference; lastKnownFileType = sourcecode.swift; path = BaseTextField_SecureFieldView.swift; sourceTree = "<group>"; };
		09BAE2EB2764BD82003A1CE8 /* BaseButton.swift */ = {isa = PBXFileReference; lastKnownFileType = sourcecode.swift; path = BaseButton.swift; sourceTree = "<group>"; };
		09BAE2ED2764BEAA003A1CE8 /* BaseButtonSheetView.swift */ = {isa = PBXFileReference; lastKnownFileType = sourcecode.swift; path = BaseButtonSheetView.swift; sourceTree = "<group>"; };
		09BAE2EF2764BF77003A1CE8 /* MyDetailView.swift */ = {isa = PBXFileReference; lastKnownFileType = sourcecode.swift; path = MyDetailView.swift; sourceTree = "<group>"; };
		09BAE2F22764C0CD003A1CE8 /* BaseSpacer.swift */ = {isa = PBXFileReference; lastKnownFileType = sourcecode.swift; path = BaseSpacer.swift; sourceTree = "<group>"; };
		09BAE2F42764C16D003A1CE8 /* BaseDividerView.swift */ = {isa = PBXFileReference; lastKnownFileType = sourcecode.swift; path = BaseDividerView.swift; sourceTree = "<group>"; };
		09BAE2F62764C265003A1CE8 /* BaseImage_Basic.swift */ = {isa = PBXFileReference; lastKnownFileType = sourcecode.swift; path = BaseImage_Basic.swift; sourceTree = "<group>"; };
		09BAE2F82764C2FE003A1CE8 /* BaseImage_StyleView.swift */ = {isa = PBXFileReference; lastKnownFileType = sourcecode.swift; path = BaseImage_StyleView.swift; sourceTree = "<group>"; };
		09BAE2FA2764C3DE003A1CE8 /* BaseImage_ProcessingView.swift */ = {isa = PBXFileReference; lastKnownFileType = sourcecode.swift; path = BaseImage_ProcessingView.swift; sourceTree = "<group>"; };
		09BAE2FC2764C498003A1CE8 /* BaseImage_BlendView.swift */ = {isa = PBXFileReference; lastKnownFileType = sourcecode.swift; path = BaseImage_BlendView.swift; sourceTree = "<group>"; };
		09BAE2FE2764C58E003A1CE8 /* BaseImage_MaskView.swift */ = {isa = PBXFileReference; lastKnownFileType = sourcecode.swift; path = BaseImage_MaskView.swift; sourceTree = "<group>"; };
		09BAE3002764C5CB003A1CE8 /* BaseImage_TransformView.swift */ = {isa = PBXFileReference; lastKnownFileType = sourcecode.swift; path = BaseImage_TransformView.swift; sourceTree = "<group>"; };
		09BAE3022764C642003A1CE8 /* BaseImageWebView.swift */ = {isa = PBXFileReference; lastKnownFileType = sourcecode.swift; path = BaseImageWebView.swift; sourceTree = "<group>"; };
		09BAE3042764C6EE003A1CE8 /* BasePickerView.swift */ = {isa = PBXFileReference; lastKnownFileType = sourcecode.swift; path = BasePickerView.swift; sourceTree = "<group>"; };
		09BAE3082764C76D003A1CE8 /* BasePickerDateView.swift */ = {isa = PBXFileReference; lastKnownFileType = sourcecode.swift; path = BasePickerDateView.swift; sourceTree = "<group>"; };
		09BAE30A2764C998003A1CE8 /* BaseSliderView.swift */ = {isa = PBXFileReference; lastKnownFileType = sourcecode.swift; path = BaseSliderView.swift; sourceTree = "<group>"; };
		09BAE30C2764CA02003A1CE8 /* BaseStepperView.swift */ = {isa = PBXFileReference; lastKnownFileType = sourcecode.swift; path = BaseStepperView.swift; sourceTree = "<group>"; };
		09BAE30E2764CA90003A1CE8 /* BaseSegmentView.swift */ = {isa = PBXFileReference; lastKnownFileType = sourcecode.swift; path = BaseSegmentView.swift; sourceTree = "<group>"; };
		09BAE3102764CADC003A1CE8 /* BaseToggleView.swift */ = {isa = PBXFileReference; lastKnownFileType = sourcecode.swift; path = BaseToggleView.swift; sourceTree = "<group>"; };
		09BAE3122764CB14003A1CE8 /* BaseTabView.swift */ = {isa = PBXFileReference; lastKnownFileType = sourcecode.swift; path = BaseTabView.swift; sourceTree = "<group>"; };
		09BAE3142764CB57003A1CE8 /* BaseWebView.swift */ = {isa = PBXFileReference; lastKnownFileType = sourcecode.swift; path = BaseWebView.swift; sourceTree = "<group>"; };
		09BAE3162764D4B8003A1CE8 /* BaseWebPageView.swift */ = {isa = PBXFileReference; lastKnownFileType = sourcecode.swift; path = BaseWebPageView.swift; sourceTree = "<group>"; };
		09BAE3182764DA74003A1CE8 /* BaseMapView.swift */ = {isa = PBXFileReference; lastKnownFileType = sourcecode.swift; path = BaseMapView.swift; sourceTree = "<group>"; };
		09BAE31A2764DB96003A1CE8 /* BasePaintingView.swift */ = {isa = PBXFileReference; lastKnownFileType = sourcecode.swift; path = BasePaintingView.swift; sourceTree = "<group>"; };
		09BAE31C2764DBF2003A1CE8 /* BaseShapeRectView.swift */ = {isa = PBXFileReference; lastKnownFileType = sourcecode.swift; path = BaseShapeRectView.swift; sourceTree = "<group>"; };
		09BAE3202764DC89003A1CE8 /* BaseShapPathView.swift */ = {isa = PBXFileReference; lastKnownFileType = sourcecode.swift; path = BaseShapPathView.swift; sourceTree = "<group>"; };
		09BAE3222764DD11003A1CE8 /* BaseLinearGradienView.swift */ = {isa = PBXFileReference; lastKnownFileType = sourcecode.swift; path = BaseLinearGradienView.swift; sourceTree = "<group>"; };
		09BAE3242764DD3E003A1CE8 /* BaseAngularGradientView.swift */ = {isa = PBXFileReference; lastKnownFileType = sourcecode.swift; path = BaseAngularGradientView.swift; sourceTree = "<group>"; };
		09BAE3262764DDA8003A1CE8 /* BaseRadialGradientView.swift */ = {isa = PBXFileReference; lastKnownFileType = sourcecode.swift; path = BaseRadialGradientView.swift; sourceTree = "<group>"; };
		09BAE32A2764E13F003A1CE8 /* BaseAnimationView1.swift */ = {isa = PBXFileReference; lastKnownFileType = sourcecode.swift; path = BaseAnimationView1.swift; sourceTree = "<group>"; };
		09BAE32C2764E2AA003A1CE8 /* BaseAnimationView2.swift */ = {isa = PBXFileReference; lastKnownFileType = sourcecode.swift; path = BaseAnimationView2.swift; sourceTree = "<group>"; };
		09BAE32E2764E4FA003A1CE8 /* BaseAnimationView.swift */ = {isa = PBXFileReference; lastKnownFileType = sourcecode.swift; path = BaseAnimationView.swift; sourceTree = "<group>"; };
		09BAE3302764E55B003A1CE8 /* BaseAnimationView3.swift */ = {isa = PBXFileReference; lastKnownFileType = sourcecode.swift; path = BaseAnimationView3.swift; sourceTree = "<group>"; };
		09BAE3322764E5C9003A1CE8 /* BaseAnimationView4.swift */ = {isa = PBXFileReference; lastKnownFileType = sourcecode.swift; path = BaseAnimationView4.swift; sourceTree = "<group>"; };
		09BAE33427670A77003A1CE8 /* BaseAnimationView5.swift */ = {isa = PBXFileReference; lastKnownFileType = sourcecode.swift; path = BaseAnimationView5.swift; sourceTree = "<group>"; };
		09BAE33827670B05003A1CE8 /* BaseAnimationView6.swift */ = {isa = PBXFileReference; lastKnownFileType = sourcecode.swift; path = BaseAnimationView6.swift; sourceTree = "<group>"; };
		09BAE33A27670C03003A1CE8 /* BaseToggleVisibilityView.swift */ = {isa = PBXFileReference; lastKnownFileType = sourcecode.swift; path = BaseToggleVisibilityView.swift; sourceTree = "<group>"; };
		09BAE33C27670E69003A1CE8 /* BaseAsymmetricTranitionView.swift */ = {isa = PBXFileReference; lastKnownFileType = sourcecode.swift; path = BaseAsymmetricTranitionView.swift; sourceTree = "<group>"; };
		09BAE3402767115C003A1CE8 /* BaseGestureSingleTapView.swift */ = {isa = PBXFileReference; lastKnownFileType = sourcecode.swift; path = BaseGestureSingleTapView.swift; sourceTree = "<group>"; };
		09BAE342276711AF003A1CE8 /* BaseGestureDoubleTapView.swift */ = {isa = PBXFileReference; lastKnownFileType = sourcecode.swift; path = BaseGestureDoubleTapView.swift; sourceTree = "<group>"; };
		09BAE34427671219003A1CE8 /* BaseGestureLongPressView.swift */ = {isa = PBXFileReference; lastKnownFileType = sourcecode.swift; path = BaseGestureLongPressView.swift; sourceTree = "<group>"; };
		09BAE346276712E3003A1CE8 /* BaseGestureRotationView.swift */ = {isa = PBXFileReference; lastKnownFileType = sourcecode.swift; path = BaseGestureRotationView.swift; sourceTree = "<group>"; };
		09BAE34A276713E9003A1CE8 /* BaseGestureDargView.swift */ = {isa = PBXFileReference; lastKnownFileType = sourcecode.swift; path = BaseGestureDargView.swift; sourceTree = "<group>"; };
		09BAE34C276714AA003A1CE8 /* BaseGestureLongPressAndDragView.swift */ = {isa = PBXFileReference; lastKnownFileType = sourcecode.swift; path = BaseGestureLongPressAndDragView.swift; sourceTree = "<group>"; };
		09BAE34F2767152C003A1CE8 /* BaseGroupzView.swift */ = {isa = PBXFileReference; lastKnownFileType = sourcecode.swift; path = BaseGroupzView.swift; sourceTree = "<group>"; };
		09BAE35127671565003A1CE8 /* BaseHStackView.swift */ = {isa = PBXFileReference; lastKnownFileType = sourcecode.swift; path = BaseHStackView.swift; sourceTree = "<group>"; };
		09BAE355276715D4003A1CE8 /* BaseVStackView.swift */ = {isa = PBXFileReference; lastKnownFileType = sourcecode.swift; path = BaseVStackView.swift; sourceTree = "<group>"; };
		09BAE35727671686003A1CE8 /* BaseZStackView.swift */ = {isa = PBXFileReference; lastKnownFileType = sourcecode.swift; path = BaseZStackView.swift; sourceTree = "<group>"; };
		7BAA0BB20DA60AE52A650279 /* Pods_BaseProject0.framework */ = {isa = PBXFileReference; explicitFileType = wrapper.framework; includeInIndex = 0; path = Pods_BaseProject0.framework; sourceTree = BUILT_PRODUCTS_DIR; };
		7C3411A42675DC4D6B474329 /* Pods-BaseProject0.release.xcconfig */ = {isa = PBXFileReference; includeInIndex = 1; lastKnownFileType = text.xcconfig; name = "Pods-BaseProject0.release.xcconfig"; path = "Target Support Files/Pods-BaseProject0/Pods-BaseProject0.release.xcconfig"; sourceTree = "<group>"; };
		CDE95FFB91AA9C1642748F83 /* Pods-BaseProject0.debug.xcconfig */ = {isa = PBXFileReference; includeInIndex = 1; lastKnownFileType = text.xcconfig; name = "Pods-BaseProject0.debug.xcconfig"; path = "Target Support Files/Pods-BaseProject0/Pods-BaseProject0.debug.xcconfig"; sourceTree = "<group>"; };
/* End PBXFileReference section */

/* Begin PBXFrameworksBuildPhase section */
		09BAE2BA2764B2D5003A1CE8 /* Frameworks */ = {
			isa = PBXFrameworksBuildPhase;
			buildActionMask = 2147483647;
			files = (
				21DF4BF0DDA050029C80117E /* Pods_BaseProject0.framework in Frameworks */,
			);
			runOnlyForDeploymentPostprocessing = 0;
		};
/* End PBXFrameworksBuildPhase section */

/* Begin PBXGroup section */
		090E469F2767793C00EE4223 /* BaseImage */ = {
			isa = PBXGroup;
			children = (
				09BAE2F62764C265003A1CE8 /* BaseImage_Basic.swift */,
				09BAE2F82764C2FE003A1CE8 /* BaseImage_StyleView.swift */,
				09BAE2FA2764C3DE003A1CE8 /* BaseImage_ProcessingView.swift */,
				09BAE2FC2764C498003A1CE8 /* BaseImage_BlendView.swift */,
				09BAE2FE2764C58E003A1CE8 /* BaseImage_MaskView.swift */,
				09BAE3002764C5CB003A1CE8 /* BaseImage_TransformView.swift */,
				09BAE3022764C642003A1CE8 /* BaseImageWebView.swift */,
			);
			path = BaseImage;
			sourceTree = "<group>";
		};
		090E46A027677A5B00EE4223 /* BaseOther */ = {
			isa = PBXGroup;
			children = (
				09BAE3042764C6EE003A1CE8 /* BasePickerView.swift */,
				09BAE3082764C76D003A1CE8 /* BasePickerDateView.swift */,
				09BAE30A2764C998003A1CE8 /* BaseSliderView.swift */,
				09BAE30C2764CA02003A1CE8 /* BaseStepperView.swift */,
				09BAE30E2764CA90003A1CE8 /* BaseSegmentView.swift */,
				09BAE3102764CADC003A1CE8 /* BaseToggleView.swift */,
				09BAE3122764CB14003A1CE8 /* BaseTabView.swift */,
				09BAE3142764CB57003A1CE8 /* BaseWebView.swift */,
				09BAE3162764D4B8003A1CE8 /* BaseWebPageView.swift */,
				09BAE3182764DA74003A1CE8 /* BaseMapView.swift */,
			);
			path = BaseOther;
			sourceTree = "<group>";
		};
		090E46A127677A7100EE4223 /* BasePaint */ = {
			isa = PBXGroup;
			children = (
				09BAE31A2764DB96003A1CE8 /* BasePaintingView.swift */,
				09BAE31C2764DBF2003A1CE8 /* BaseShapeRectView.swift */,
				09BAE3202764DC89003A1CE8 /* BaseShapPathView.swift */,
				09BAE3222764DD11003A1CE8 /* BaseLinearGradienView.swift */,
				09BAE3242764DD3E003A1CE8 /* BaseAngularGradientView.swift */,
				09BAE3262764DDA8003A1CE8 /* BaseRadialGradientView.swift */,
			);
			path = BasePaint;
			sourceTree = "<group>";
		};
		0914178227674F58001A8CA4 /* Base */ = {
			isa = PBXGroup;
			children = (
				09BAE2E42764B996003A1CE8 /* BaseText */,
				09BAE2E52764BAA7003A1CE8 /* BaseTextField */,
				09BAE2EA2764BD72003A1CE8 /* BaseButton */,
				09BAE2F12764C0BD003A1CE8 /* BaseSpacer */,
				090E469F2767793C00EE4223 /* BaseImage */,
				090E46A127677A7100EE4223 /* BasePaint */,
				090E46A027677A5B00EE4223 /* BaseOther */,
				09BAE33E27670FF9003A1CE8 /* BaseAnimation */,
				09BAE33F2767113A003A1CE8 /* BaseGesture */,
				09BAE34E27671513003A1CE8 /* BaseLayout */,
				0914178327674F7A001A8CA4 /* BaseView.swift */,
			);
			path = Base;
			sourceTree = "<group>";
		};
		09BAE2B42764B2D5003A1CE8 = {
			isa = PBXGroup;
			children = (
				09BAE2BF2764B2D5003A1CE8 /* BaseProject0 */,
				09BAE2BE2764B2D5003A1CE8 /* Products */,
				1B414F223B867908CF7421BE /* Pods */,
				A51F5584CD9F7B399B158296 /* Frameworks */,
			);
			sourceTree = "<group>";
		};
		09BAE2BE2764B2D5003A1CE8 /* Products */ = {
			isa = PBXGroup;
			children = (
				09BAE2BD2764B2D5003A1CE8 /* BaseProject0.app */,
			);
			name = Products;
			sourceTree = "<group>";
		};
		09BAE2BF2764B2D5003A1CE8 /* BaseProject0 */ = {
			isa = PBXGroup;
			children = (
				09BAE2C02764B2D5003A1CE8 /* AppDelegate.swift */,
				09BAE2C22764B2D5003A1CE8 /* SceneDelegate.swift */,
				09BAE2C42764B2D5003A1CE8 /* ViewController.swift */,
				0914178227674F58001A8CA4 /* Base */,
				09BAE2D42764B302003A1CE8 /* ContentView.swift */,
				09BAE2C62764B2D5003A1CE8 /* Main.storyboard */,
				09BAE2C92764B2D6003A1CE8 /* Assets.xcassets */,
				09BAE2CB2764B2D6003A1CE8 /* LaunchScreen.storyboard */,
				09BAE2CE2764B2D6003A1CE8 /* Info.plist */,
			);
			path = BaseProject0;
			sourceTree = "<group>";
		};
		09BAE2E42764B996003A1CE8 /* BaseText */ = {
			isa = PBXGroup;
			children = (
				09BAE2D62764B459003A1CE8 /* BaseTextView.swift */,
				09BAE2D82764B59D003A1CE8 /* BaseTextPargraphView.swift */,
				09BAE2DA2764B67C003A1CE8 /* BasePaddingView.swift */,
				09BAE2DC2764B766003A1CE8 /* BaseTextFullScreenView.swift */,
				09BAE2E02764B89A003A1CE8 /* BaseTextDateFormatterView.swift */,
				09BAE2E22764B94F003A1CE8 /* BaseTextAppendView.swift */,
			);
			path = BaseText;
			sourceTree = "<group>";
		};
		09BAE2E52764BAA7003A1CE8 /* BaseTextField */ = {
			isa = PBXGroup;
			children = (
				09BAE2E62764BAFF003A1CE8 /* BaseTextField.swift */,
				09BAE2E82764BBFB003A1CE8 /* BaseTextField_SecureFieldView.swift */,
			);
			path = BaseTextField;
			sourceTree = "<group>";
		};
		09BAE2EA2764BD72003A1CE8 /* BaseButton */ = {
			isa = PBXGroup;
			children = (
				09BAE2EB2764BD82003A1CE8 /* BaseButton.swift */,
				09BAE2ED2764BEAA003A1CE8 /* BaseButtonSheetView.swift */,
				09BAE2EF2764BF77003A1CE8 /* MyDetailView.swift */,
			);
			path = BaseButton;
			sourceTree = "<group>";
		};
		09BAE2F12764C0BD003A1CE8 /* BaseSpacer */ = {
			isa = PBXGroup;
			children = (
				09BAE2F22764C0CD003A1CE8 /* BaseSpacer.swift */,
				09BAE2F42764C16D003A1CE8 /* BaseDividerView.swift */,
			);
			path = BaseSpacer;
			sourceTree = "<group>";
		};
		09BAE33E27670FF9003A1CE8 /* BaseAnimation */ = {
			isa = PBXGroup;
			children = (
				09BAE32E2764E4FA003A1CE8 /* BaseAnimationView.swift */,
				09BAE32A2764E13F003A1CE8 /* BaseAnimationView1.swift */,
				09BAE32C2764E2AA003A1CE8 /* BaseAnimationView2.swift */,
				09BAE3302764E55B003A1CE8 /* BaseAnimationView3.swift */,
				09BAE3322764E5C9003A1CE8 /* BaseAnimationView4.swift */,
				09BAE33427670A77003A1CE8 /* BaseAnimationView5.swift */,
				09BAE33827670B05003A1CE8 /* BaseAnimationView6.swift */,
				09BAE33C27670E69003A1CE8 /* BaseAsymmetricTranitionView.swift */,
				09BAE33A27670C03003A1CE8 /* BaseToggleVisibilityView.swift */,
				090E46A227677CFF00EE4223 /* BaseAnimationBaseView.swift */,
			);
			path = BaseAnimation;
			sourceTree = "<group>";
		};
		09BAE33F2767113A003A1CE8 /* BaseGesture */ = {
			isa = PBXGroup;
			children = (
				09BAE3402767115C003A1CE8 /* BaseGestureSingleTapView.swift */,
				09BAE342276711AF003A1CE8 /* BaseGestureDoubleTapView.swift */,
				09BAE34427671219003A1CE8 /* BaseGestureLongPressView.swift */,
				09BAE346276712E3003A1CE8 /* BaseGestureRotationView.swift */,
				09BAE34A276713E9003A1CE8 /* BaseGestureDargView.swift */,
				09BAE34C276714AA003A1CE8 /* BaseGestureLongPressAndDragView.swift */,
				090E46A427677FBF00EE4223 /* BaseGestureView.swift */,
			);
			path = BaseGesture;
			sourceTree = "<group>";
		};
		09BAE34E27671513003A1CE8 /* BaseLayout */ = {
			isa = PBXGroup;
			children = (
				09BAE34F2767152C003A1CE8 /* BaseGroupzView.swift */,
				09BAE35127671565003A1CE8 /* BaseHStackView.swift */,
				09BAE355276715D4003A1CE8 /* BaseVStackView.swift */,
				09BAE35727671686003A1CE8 /* BaseZStackView.swift */,
				0914174427671880001A8CA4 /* BaseListView.swift */,
				0914174627671C9E001A8CA4 /* BaseListInsertView.swift */,
				0914174827671DD7001A8CA4 /* BaseListDeleteView.swift */,
				0914174A27671E58001A8CA4 /* BaseListMoveView.swift */,
				0914174C27671E94001A8CA4 /* BaseListDeleteMoveView.swift */,
				0914174E27671F0A001A8CA4 /* BaseScrollVerticalView.swift */,
				0914175027671FA7001A8CA4 /* BaseScrollViewHorizontalView.swift */,
				0914175227672034001A8CA4 /* BaseScrollView_VerticalAndHorizontalView.swift */,
				09141754276721A6001A8CA4 /* BaseFormView.swift */,
				0914175627672289001A8CA4 /* BaseForm_SegmentView.swift */,
				0914175827672302001A8CA4 /* BaseForm_EnableDisableView.swift */,
				0914175A27672377001A8CA4 /* BaseForm_ShowHideView.swift */,
				0914175C27672450001A8CA4 /* BaseNavigationLinkView.swift */,
				0914175E276724C5001A8CA4 /* BaseNavigationLink_GoBackView.swift */,
				091417602767255D001A8CA4 /* BasePageNavigationView.swift */,
				0914176227672B99001A8CA4 /* BaseObjectBindingView.swift */,
				0914176427672C1E001A8CA4 /* BaseEnviromentObjectView.swift */,
				0914176627672EA1001A8CA4 /* BaseShowModalView.swift */,
				0914176827672EEA001A8CA4 /* BaseShow_AlertView.swift */,
				0914176A27672F56001A8CA4 /* BaseShow_ActionSheetView.swift */,
				0914176C27672FBF001A8CA4 /* BasePreviewInNavigationView.swift */,
				0914176E27673009001A8CA4 /* BaseBackgroundView.swift */,
				0914177027673069001A8CA4 /* BaseSizeCategoryView.swift */,
				0914177227674427001A8CA4 /* BasePreviewDeviceView.swift */,
				09141774276745A9001A8CA4 /* Base_ViewAsPropertiesView.swift */,
				0914177627674680001A8CA4 /* Base_onAppear_onDisappeaView.swift */,
				091417782767471A001A8CA4 /* Base_ColorScheme_LightAndDarkView.swift */,
				0914177A2767483E001A8CA4 /* Base_AnyView.swift */,
				0914177C276748C4001A8CA4 /* BaseNavigationBarTitleView.swift */,
				0914177E27674A63001A8CA4 /* Base_NavigationItem_View.swift */,
				0914178027674AFB001A8CA4 /* Base_ViewModifier_View.swift */,
				090E46A62767811800EE4223 /* BaseLaoutView.swift */,
			);
			path = BaseLayout;
			sourceTree = "<group>";
		};
		1B414F223B867908CF7421BE /* Pods */ = {
			isa = PBXGroup;
			children = (
				CDE95FFB91AA9C1642748F83 /* Pods-BaseProject0.debug.xcconfig */,
				7C3411A42675DC4D6B474329 /* Pods-BaseProject0.release.xcconfig */,
			);
			path = Pods;
			sourceTree = "<group>";
		};
		A51F5584CD9F7B399B158296 /* Frameworks */ = {
			isa = PBXGroup;
			children = (
				7BAA0BB20DA60AE52A650279 /* Pods_BaseProject0.framework */,
			);
			name = Frameworks;
			sourceTree = "<group>";
		};
/* End PBXGroup section */

/* Begin PBXNativeTarget section */
		09BAE2BC2764B2D5003A1CE8 /* BaseProject0 */ = {
			isa = PBXNativeTarget;
			buildConfigurationList = 09BAE2D12764B2D6003A1CE8 /* Build configuration list for PBXNativeTarget "BaseProject0" */;
			buildPhases = (
				9C595702BD663CC8CC24BED0 /* [CP] Check Pods Manifest.lock */,
				09BAE2B92764B2D5003A1CE8 /* Sources */,
				09BAE2BA2764B2D5003A1CE8 /* Frameworks */,
				09BAE2BB2764B2D5003A1CE8 /* Resources */,
				785A86C81949570DB7787751 /* [CP] Embed Pods Frameworks */,
			);
			buildRules = (
			);
			dependencies = (
			);
			name = BaseProject0;
			productName = BaseProject0;
			productReference = 09BAE2BD2764B2D5003A1CE8 /* BaseProject0.app */;
			productType = "com.apple.product-type.application";
		};
/* End PBXNativeTarget section */

/* Begin PBXProject section */
		09BAE2B52764B2D5003A1CE8 /* Project object */ = {
			isa = PBXProject;
			attributes = {
				BuildIndependentTargetsInParallel = 1;
				CLASSPREFIX = Base;
				LastSwiftUpdateCheck = 1310;
				LastUpgradeCheck = 1310;
				TargetAttributes = {
					09BAE2BC2764B2D5003A1CE8 = {
						CreatedOnToolsVersion = 13.1;
					};
				};
			};
			buildConfigurationList = 09BAE2B82764B2D5003A1CE8 /* Build configuration list for PBXProject "BaseProject0" */;
			compatibilityVersion = "Xcode 13.0";
			developmentRegion = en;
			hasScannedForEncodings = 0;
			knownRegions = (
				en,
				Base,
			);
			mainGroup = 09BAE2B42764B2D5003A1CE8;
			productRefGroup = 09BAE2BE2764B2D5003A1CE8 /* Products */;
			projectDirPath = "";
			projectRoot = "";
			targets = (
				09BAE2BC2764B2D5003A1CE8 /* BaseProject0 */,
			);
		};
/* End PBXProject section */

/* Begin PBXResourcesBuildPhase section */
		09BAE2BB2764B2D5003A1CE8 /* Resources */ = {
			isa = PBXResourcesBuildPhase;
			buildActionMask = 2147483647;
			files = (
				09BAE2CD2764B2D6003A1CE8 /* LaunchScreen.storyboard in Resources */,
				09BAE2CA2764B2D6003A1CE8 /* Assets.xcassets in Resources */,
				09BAE2C82764B2D5003A1CE8 /* Main.storyboard in Resources */,
			);
			runOnlyForDeploymentPostprocessing = 0;
		};
/* End PBXResourcesBuildPhase section */

/* Begin PBXShellScriptBuildPhase section */
		785A86C81949570DB7787751 /* [CP] Embed Pods Frameworks */ = {
			isa = PBXShellScriptBuildPhase;
			buildActionMask = 2147483647;
			files = (
			);
			inputFileListPaths = (
				"${PODS_ROOT}/Target Support Files/Pods-BaseProject0/Pods-BaseProject0-frameworks-${CONFIGURATION}-input-files.xcfilelist",
			);
			name = "[CP] Embed Pods Frameworks";
			outputFileListPaths = (
				"${PODS_ROOT}/Target Support Files/Pods-BaseProject0/Pods-BaseProject0-frameworks-${CONFIGURATION}-output-files.xcfilelist",
			);
			runOnlyForDeploymentPostprocessing = 0;
			shellPath = /bin/sh;
			shellScript = "\"${PODS_ROOT}/Target Support Files/Pods-BaseProject0/Pods-BaseProject0-frameworks.sh\"\n";
			showEnvVarsInLog = 0;
		};
		9C595702BD663CC8CC24BED0 /* [CP] Check Pods Manifest.lock */ = {
			isa = PBXShellScriptBuildPhase;
			buildActionMask = 2147483647;
			files = (
			);
			inputFileListPaths = (
			);
			inputPaths = (
				"${PODS_PODFILE_DIR_PATH}/Podfile.lock",
				"${PODS_ROOT}/Manifest.lock",
			);
			name = "[CP] Check Pods Manifest.lock";
			outputFileListPaths = (
			);
			outputPaths = (
				"$(DERIVED_FILE_DIR)/Pods-BaseProject0-checkManifestLockResult.txt",
			);
			runOnlyForDeploymentPostprocessing = 0;
			shellPath = /bin/sh;
			shellScript = "diff \"${PODS_PODFILE_DIR_PATH}/Podfile.lock\" \"${PODS_ROOT}/Manifest.lock\" > /dev/null\nif [ $? != 0 ] ; then\n    # print error to STDERR\n    echo \"error: The sandbox is not in sync with the Podfile.lock. Run 'pod install' or update your CocoaPods installation.\" >&2\n    exit 1\nfi\n# This output is used by Xcode 'outputs' to avoid re-running this script phase.\necho \"SUCCESS\" > \"${SCRIPT_OUTPUT_FILE_0}\"\n";
			showEnvVarsInLog = 0;
		};
/* End PBXShellScriptBuildPhase section */

/* Begin PBXSourcesBuildPhase section */
		09BAE2B92764B2D5003A1CE8 /* Sources */ = {
			isa = PBXSourcesBuildPhase;
			buildActionMask = 2147483647;
			files = (
				09BAE3152764CB57003A1CE8 /* BaseWebView.swift in Sources */,
				09BAE2EC2764BD82003A1CE8 /* BaseButton.swift in Sources */,
				09BAE2F72764C265003A1CE8 /* BaseImage_Basic.swift in Sources */,
				0914175D27672450001A8CA4 /* BaseNavigationLinkView.swift in Sources */,
				09BAE3172764D4B8003A1CE8 /* BaseWebPageView.swift in Sources */,
				09BAE2DB2764B67C003A1CE8 /* BasePaddingView.swift in Sources */,
				09BAE2FF2764C58E003A1CE8 /* BaseImage_MaskView.swift in Sources */,
				0914175727672289001A8CA4 /* BaseForm_SegmentView.swift in Sources */,
				09BAE2FD2764C498003A1CE8 /* BaseImage_BlendView.swift in Sources */,
				09BAE32D2764E2AA003A1CE8 /* BaseAnimationView2.swift in Sources */,
				09BAE30D2764CA02003A1CE8 /* BaseStepperView.swift in Sources */,
				09BAE32F2764E4FA003A1CE8 /* BaseAnimationView.swift in Sources */,
				09BAE30B2764C998003A1CE8 /* BaseSliderView.swift in Sources */,
				0914175127671FA7001A8CA4 /* BaseScrollViewHorizontalView.swift in Sources */,
				0914174527671880001A8CA4 /* BaseListView.swift in Sources */,
				09BAE35827671686003A1CE8 /* BaseZStackView.swift in Sources */,
				09BAE3332764E5C9003A1CE8 /* BaseAnimationView4.swift in Sources */,
				0914176D27672FBF001A8CA4 /* BasePreviewInNavigationView.swift in Sources */,
				09BAE3502767152C003A1CE8 /* BaseGroupzView.swift in Sources */,
				0914174F27671F0A001A8CA4 /* BaseScrollVerticalView.swift in Sources */,
				0914175F276724C5001A8CA4 /* BaseNavigationLink_GoBackView.swift in Sources */,
				09BAE33527670A77003A1CE8 /* BaseAnimationView5.swift in Sources */,
				0914177727674680001A8CA4 /* Base_onAppear_onDisappeaView.swift in Sources */,
				090E46A327677CFF00EE4223 /* BaseAnimationBaseView.swift in Sources */,
				09BAE2F52764C16D003A1CE8 /* BaseDividerView.swift in Sources */,
				09BAE33927670B05003A1CE8 /* BaseAnimationView6.swift in Sources */,
				09BAE34B276713E9003A1CE8 /* BaseGestureDargView.swift in Sources */,
				0914176B27672F56001A8CA4 /* BaseShow_ActionSheetView.swift in Sources */,
				0914177127673069001A8CA4 /* BaseSizeCategoryView.swift in Sources */,
				090E46A527677FBF00EE4223 /* BaseGestureView.swift in Sources */,
				0914174D27671E94001A8CA4 /* BaseListDeleteMoveView.swift in Sources */,
				0914176927672EEA001A8CA4 /* BaseShow_AlertView.swift in Sources */,
				0914176527672C1E001A8CA4 /* BaseEnviromentObjectView.swift in Sources */,
				09BAE356276715D4003A1CE8 /* BaseVStackView.swift in Sources */,
				09BAE2C52764B2D5003A1CE8 /* ViewController.swift in Sources */,
				09BAE343276711AF003A1CE8 /* BaseGestureDoubleTapView.swift in Sources */,
				09BAE3252764DD3E003A1CE8 /* BaseAngularGradientView.swift in Sources */,
				09BAE2C12764B2D5003A1CE8 /* AppDelegate.swift in Sources */,
				09BAE2F92764C2FE003A1CE8 /* BaseImage_StyleView.swift in Sources */,
				09BAE2F32764C0CD003A1CE8 /* BaseSpacer.swift in Sources */,
				0914177B2767483E001A8CA4 /* Base_AnyView.swift in Sources */,
				09BAE3052764C6EE003A1CE8 /* BasePickerView.swift in Sources */,
				0914177D276748C4001A8CA4 /* BaseNavigationBarTitleView.swift in Sources */,
				09BAE30F2764CA90003A1CE8 /* BaseSegmentView.swift in Sources */,
				09BAE32B2764E13F003A1CE8 /* BaseAnimationView1.swift in Sources */,
				09BAE3192764DA74003A1CE8 /* BaseMapView.swift in Sources */,
				091417612767255D001A8CA4 /* BasePageNavigationView.swift in Sources */,
				09BAE33D27670E69003A1CE8 /* BaseAsymmetricTranitionView.swift in Sources */,
				0914174B27671E58001A8CA4 /* BaseListMoveView.swift in Sources */,
				09BAE3212764DC89003A1CE8 /* BaseShapPathView.swift in Sources */,
				0914177327674427001A8CA4 /* BasePreviewDeviceView.swift in Sources */,
				09BAE2D72764B459003A1CE8 /* BaseTextView.swift in Sources */,
				09BAE2E72764BAFF003A1CE8 /* BaseTextField.swift in Sources */,
				0914176F27673009001A8CA4 /* BaseBackgroundView.swift in Sources */,
				09BAE3312764E55B003A1CE8 /* BaseAnimationView3.swift in Sources */,
				0914178427674F7A001A8CA4 /* BaseView.swift in Sources */,
				0914175327672034001A8CA4 /* BaseScrollView_VerticalAndHorizontalView.swift in Sources */,
				09BAE3092764C76D003A1CE8 /* BasePickerDateView.swift in Sources */,
				0914175927672302001A8CA4 /* BaseForm_EnableDisableView.swift in Sources */,
				0914175B27672377001A8CA4 /* BaseForm_ShowHideView.swift in Sources */,
				09BAE3232764DD11003A1CE8 /* BaseLinearGradienView.swift in Sources */,
				09BAE2E32764B94F003A1CE8 /* BaseTextAppendView.swift in Sources */,
				09BAE2D92764B59D003A1CE8 /* BaseTextPargraphView.swift in Sources */,
				09BAE2E12764B89A003A1CE8 /* BaseTextDateFormatterView.swift in Sources */,
				0914178127674AFB001A8CA4 /* Base_ViewModifier_View.swift in Sources */,
				09BAE2EE2764BEAA003A1CE8 /* BaseButtonSheetView.swift in Sources */,
				09BAE3132764CB14003A1CE8 /* BaseTabView.swift in Sources */,
				09BAE3032764C642003A1CE8 /* BaseImageWebView.swift in Sources */,
				09BAE2DD2764B766003A1CE8 /* BaseTextFullScreenView.swift in Sources */,
				09BAE34527671219003A1CE8 /* BaseGestureLongPressView.swift in Sources */,
				09BAE2D52764B302003A1CE8 /* ContentView.swift in Sources */,
				0914176727672EA1001A8CA4 /* BaseShowModalView.swift in Sources */,
				09141755276721A6001A8CA4 /* BaseFormView.swift in Sources */,
				09BAE2F02764BF77003A1CE8 /* MyDetailView.swift in Sources */,
				09BAE3272764DDA8003A1CE8 /* BaseRadialGradientView.swift in Sources */,
				09BAE3412767115C003A1CE8 /* BaseGestureSingleTapView.swift in Sources */,
				09BAE2C32764B2D5003A1CE8 /* SceneDelegate.swift in Sources */,
				09BAE347276712E3003A1CE8 /* BaseGestureRotationView.swift in Sources */,
				09BAE35227671565003A1CE8 /* BaseHStackView.swift in Sources */,
				09BAE33B27670C03003A1CE8 /* BaseToggleVisibilityView.swift in Sources */,
				09BAE31B2764DB96003A1CE8 /* BasePaintingView.swift in Sources */,
				09BAE31D2764DBF2003A1CE8 /* BaseShapeRectView.swift in Sources */,
				09BAE2FB2764C3DE003A1CE8 /* BaseImage_ProcessingView.swift in Sources */,
				091417792767471A001A8CA4 /* Base_ColorScheme_LightAndDarkView.swift in Sources */,
				0914176327672B99001A8CA4 /* BaseObjectBindingView.swift in Sources */,
				0914177F27674A63001A8CA4 /* Base_NavigationItem_View.swift in Sources */,
				0914174927671DD7001A8CA4 /* BaseListDeleteView.swift in Sources */,
				0914174727671C9E001A8CA4 /* BaseListInsertView.swift in Sources */,
				09BAE3112764CADC003A1CE8 /* BaseToggleView.swift in Sources */,
				090E46A72767811800EE4223 /* BaseLaoutView.swift in Sources */,
				09BAE3012764C5CB003A1CE8 /* BaseImage_TransformView.swift in Sources */,
				09BAE34D276714AA003A1CE8 /* BaseGestureLongPressAndDragView.swift in Sources */,
				09BAE2E92764BBFB003A1CE8 /* BaseTextField_SecureFieldView.swift in Sources */,
				09141775276745A9001A8CA4 /* Base_ViewAsPropertiesView.swift in Sources */,
			);
			runOnlyForDeploymentPostprocessing = 0;
		};
/* End PBXSourcesBuildPhase section */

/* Begin PBXVariantGroup section */
		09BAE2C62764B2D5003A1CE8 /* Main.storyboard */ = {
			isa = PBXVariantGroup;
			children = (
				09BAE2C72764B2D5003A1CE8 /* Base */,
			);
			name = Main.storyboard;
			sourceTree = "<group>";
		};
		09BAE2CB2764B2D6003A1CE8 /* LaunchScreen.storyboard */ = {
			isa = PBXVariantGroup;
			children = (
				09BAE2CC2764B2D6003A1CE8 /* Base */,
			);
			name = LaunchScreen.storyboard;
			sourceTree = "<group>";
		};
/* End PBXVariantGroup section */

/* Begin XCBuildConfiguration section */
		09BAE2CF2764B2D6003A1CE8 /* Debug */ = {
			isa = XCBuildConfiguration;
			buildSettings = {
				ALWAYS_SEARCH_USER_PATHS = NO;
				CLANG_ANALYZER_NONNULL = YES;
				CLANG_ANALYZER_NUMBER_OBJECT_CONVERSION = YES_AGGRESSIVE;
				CLANG_CXX_LANGUAGE_STANDARD = "gnu++17";
				CLANG_CXX_LIBRARY = "libc++";
				CLANG_ENABLE_MODULES = YES;
				CLANG_ENABLE_OBJC_ARC = YES;
				CLANG_ENABLE_OBJC_WEAK = YES;
				CLANG_WARN_BLOCK_CAPTURE_AUTORELEASING = YES;
				CLANG_WARN_BOOL_CONVERSION = YES;
				CLANG_WARN_COMMA = YES;
				CLANG_WARN_CONSTANT_CONVERSION = YES;
				CLANG_WARN_DEPRECATED_OBJC_IMPLEMENTATIONS = YES;
				CLANG_WARN_DIRECT_OBJC_ISA_USAGE = YES_ERROR;
				CLANG_WARN_DOCUMENTATION_COMMENTS = YES;
				CLANG_WARN_EMPTY_BODY = YES;
				CLANG_WARN_ENUM_CONVERSION = YES;
				CLANG_WARN_INFINITE_RECURSION = YES;
				CLANG_WARN_INT_CONVERSION = YES;
				CLANG_WARN_NON_LITERAL_NULL_CONVERSION = YES;
				CLANG_WARN_OBJC_IMPLICIT_RETAIN_SELF = YES;
				CLANG_WARN_OBJC_LITERAL_CONVERSION = YES;
				CLANG_WARN_OBJC_ROOT_CLASS = YES_ERROR;
				CLANG_WARN_QUOTED_INCLUDE_IN_FRAMEWORK_HEADER = YES;
				CLANG_WARN_RANGE_LOOP_ANALYSIS = YES;
				CLANG_WARN_STRICT_PROTOTYPES = YES;
				CLANG_WARN_SUSPICIOUS_MOVE = YES;
				CLANG_WARN_UNGUARDED_AVAILABILITY = YES_AGGRESSIVE;
				CLANG_WARN_UNREACHABLE_CODE = YES;
				CLANG_WARN__DUPLICATE_METHOD_MATCH = YES;
				COPY_PHASE_STRIP = NO;
				DEBUG_INFORMATION_FORMAT = dwarf;
				ENABLE_STRICT_OBJC_MSGSEND = YES;
				ENABLE_TESTABILITY = YES;
				GCC_C_LANGUAGE_STANDARD = gnu11;
				GCC_DYNAMIC_NO_PIC = NO;
				GCC_NO_COMMON_BLOCKS = YES;
				GCC_OPTIMIZATION_LEVEL = 0;
				GCC_PREPROCESSOR_DEFINITIONS = (
					"DEBUG=1",
					"$(inherited)",
				);
				GCC_WARN_64_TO_32_BIT_CONVERSION = YES;
				GCC_WARN_ABOUT_RETURN_TYPE = YES_ERROR;
				GCC_WARN_UNDECLARED_SELECTOR = YES;
				GCC_WARN_UNINITIALIZED_AUTOS = YES_AGGRESSIVE;
				GCC_WARN_UNUSED_FUNCTION = YES;
				GCC_WARN_UNUSED_VARIABLE = YES;
				IPHONEOS_DEPLOYMENT_TARGET = 15.0;
				MTL_ENABLE_DEBUG_INFO = INCLUDE_SOURCE;
				MTL_FAST_MATH = YES;
				ONLY_ACTIVE_ARCH = YES;
				SDKROOT = iphoneos;
				SWIFT_ACTIVE_COMPILATION_CONDITIONS = DEBUG;
				SWIFT_OPTIMIZATION_LEVEL = "-Onone";
			};
			name = Debug;
		};
		09BAE2D02764B2D6003A1CE8 /* Release */ = {
			isa = XCBuildConfiguration;
			buildSettings = {
				ALWAYS_SEARCH_USER_PATHS = NO;
				CLANG_ANALYZER_NONNULL = YES;
				CLANG_ANALYZER_NUMBER_OBJECT_CONVERSION = YES_AGGRESSIVE;
				CLANG_CXX_LANGUAGE_STANDARD = "gnu++17";
				CLANG_CXX_LIBRARY = "libc++";
				CLANG_ENABLE_MODULES = YES;
				CLANG_ENABLE_OBJC_ARC = YES;
				CLANG_ENABLE_OBJC_WEAK = YES;
				CLANG_WARN_BLOCK_CAPTURE_AUTORELEASING = YES;
				CLANG_WARN_BOOL_CONVERSION = YES;
				CLANG_WARN_COMMA = YES;
				CLANG_WARN_CONSTANT_CONVERSION = YES;
				CLANG_WARN_DEPRECATED_OBJC_IMPLEMENTATIONS = YES;
				CLANG_WARN_DIRECT_OBJC_ISA_USAGE = YES_ERROR;
				CLANG_WARN_DOCUMENTATION_COMMENTS = YES;
				CLANG_WARN_EMPTY_BODY = YES;
				CLANG_WARN_ENUM_CONVERSION = YES;
				CLANG_WARN_INFINITE_RECURSION = YES;
				CLANG_WARN_INT_CONVERSION = YES;
				CLANG_WARN_NON_LITERAL_NULL_CONVERSION = YES;
				CLANG_WARN_OBJC_IMPLICIT_RETAIN_SELF = YES;
				CLANG_WARN_OBJC_LITERAL_CONVERSION = YES;
				CLANG_WARN_OBJC_ROOT_CLASS = YES_ERROR;
				CLANG_WARN_QUOTED_INCLUDE_IN_FRAMEWORK_HEADER = YES;
				CLANG_WARN_RANGE_LOOP_ANALYSIS = YES;
				CLANG_WARN_STRICT_PROTOTYPES = YES;
				CLANG_WARN_SUSPICIOUS_MOVE = YES;
				CLANG_WARN_UNGUARDED_AVAILABILITY = YES_AGGRESSIVE;
				CLANG_WARN_UNREACHABLE_CODE = YES;
				CLANG_WARN__DUPLICATE_METHOD_MATCH = YES;
				COPY_PHASE_STRIP = NO;
				DEBUG_INFORMATION_FORMAT = "dwarf-with-dsym";
				ENABLE_NS_ASSERTIONS = NO;
				ENABLE_STRICT_OBJC_MSGSEND = YES;
				GCC_C_LANGUAGE_STANDARD = gnu11;
				GCC_NO_COMMON_BLOCKS = YES;
				GCC_WARN_64_TO_32_BIT_CONVERSION = YES;
				GCC_WARN_ABOUT_RETURN_TYPE = YES_ERROR;
				GCC_WARN_UNDECLARED_SELECTOR = YES;
				GCC_WARN_UNINITIALIZED_AUTOS = YES_AGGRESSIVE;
				GCC_WARN_UNUSED_FUNCTION = YES;
				GCC_WARN_UNUSED_VARIABLE = YES;
				IPHONEOS_DEPLOYMENT_TARGET = 15.0;
				MTL_ENABLE_DEBUG_INFO = NO;
				MTL_FAST_MATH = YES;
				SDKROOT = iphoneos;
				SWIFT_COMPILATION_MODE = wholemodule;
				SWIFT_OPTIMIZATION_LEVEL = "-O";
				VALIDATE_PRODUCT = YES;
			};
			name = Release;
		};
		09BAE2D22764B2D6003A1CE8 /* Debug */ = {
			isa = XCBuildConfiguration;
			baseConfigurationReference = CDE95FFB91AA9C1642748F83 /* Pods-BaseProject0.debug.xcconfig */;
			buildSettings = {
				ASSETCATALOG_COMPILER_APPICON_NAME = AppIcon;
				ASSETCATALOG_COMPILER_GLOBAL_ACCENT_COLOR_NAME = AccentColor;
				CODE_SIGN_STYLE = Automatic;
				CURRENT_PROJECT_VERSION = 1;
				DEVELOPMENT_TEAM = X8H2FVY856;
				GENERATE_INFOPLIST_FILE = YES;
				INFOPLIST_FILE = BaseProject0/Info.plist;
				INFOPLIST_KEY_UIApplicationSupportsIndirectInputEvents = YES;
				INFOPLIST_KEY_UILaunchStoryboardName = LaunchScreen;
				INFOPLIST_KEY_UIMainStoryboardFile = Main;
				INFOPLIST_KEY_UISupportedInterfaceOrientations_iPad = "UIInterfaceOrientationPortrait UIInterfaceOrientationPortraitUpsideDown UIInterfaceOrientationLandscapeLeft UIInterfaceOrientationLandscapeRight";
				INFOPLIST_KEY_UISupportedInterfaceOrientations_iPhone = "UIInterfaceOrientationPortrait UIInterfaceOrientationLandscapeLeft UIInterfaceOrientationLandscapeRight";
				LD_RUNPATH_SEARCH_PATHS = (
					"$(inherited)",
					"@executable_path/Frameworks",
				);
				MARKETING_VERSION = 1.0;
				PRODUCT_BUNDLE_IDENTIFIER = com.pp.cpp.BaseProject0;
				PRODUCT_NAME = "$(TARGET_NAME)";
				SWIFT_EMIT_LOC_STRINGS = YES;
				SWIFT_VERSION = 5.0;
				TARGETED_DEVICE_FAMILY = "1,2";
			};
			name = Debug;
		};
		09BAE2D32764B2D6003A1CE8 /* Release */ = {
			isa = XCBuildConfiguration;
			baseConfigurationReference = 7C3411A42675DC4D6B474329 /* Pods-BaseProject0.release.xcconfig */;
			buildSettings = {
				ASSETCATALOG_COMPILER_APPICON_NAME = AppIcon;
				ASSETCATALOG_COMPILER_GLOBAL_ACCENT_COLOR_NAME = AccentColor;
				CODE_SIGN_STYLE = Automatic;
				CURRENT_PROJECT_VERSION = 1;
				DEVELOPMENT_TEAM = X8H2FVY856;
				GENERATE_INFOPLIST_FILE = YES;
				INFOPLIST_FILE = BaseProject0/Info.plist;
				INFOPLIST_KEY_UIApplicationSupportsIndirectInputEvents = YES;
				INFOPLIST_KEY_UILaunchStoryboardName = LaunchScreen;
				INFOPLIST_KEY_UIMainStoryboardFile = Main;
				INFOPLIST_KEY_UISupportedInterfaceOrientations_iPad = "UIInterfaceOrientationPortrait UIInterfaceOrientationPortraitUpsideDown UIInterfaceOrientationLandscapeLeft UIInterfaceOrientationLandscapeRight";
				INFOPLIST_KEY_UISupportedInterfaceOrientations_iPhone = "UIInterfaceOrientationPortrait UIInterfaceOrientationLandscapeLeft UIInterfaceOrientationLandscapeRight";
				LD_RUNPATH_SEARCH_PATHS = (
					"$(inherited)",
					"@executable_path/Frameworks",
				);
				MARKETING_VERSION = 1.0;
				PRODUCT_BUNDLE_IDENTIFIER = com.pp.cpp.BaseProject0;
				PRODUCT_NAME = "$(TARGET_NAME)";
				SWIFT_EMIT_LOC_STRINGS = YES;
				SWIFT_VERSION = 5.0;
				TARGETED_DEVICE_FAMILY = "1,2";
			};
			name = Release;
		};
/* End XCBuildConfiguration section */

/* Begin XCConfigurationList section */
		09BAE2B82764B2D5003A1CE8 /* Build configuration list for PBXProject "BaseProject0" */ = {
			isa = XCConfigurationList;
			buildConfigurations = (
				09BAE2CF2764B2D6003A1CE8 /* Debug */,
				09BAE2D02764B2D6003A1CE8 /* Release */,
			);
			defaultConfigurationIsVisible = 0;
			defaultConfigurationName = Release;
		};
		09BAE2D12764B2D6003A1CE8 /* Build configuration list for PBXNativeTarget "BaseProject0" */ = {
			isa = XCConfigurationList;
			buildConfigurations = (
				09BAE2D22764B2D6003A1CE8 /* Debug */,
				09BAE2D32764B2D6003A1CE8 /* Release */,
			);
			defaultConfigurationIsVisible = 0;
			defaultConfigurationName = Release;
		};
/* End XCConfigurationList section */
	};
	rootObject = 09BAE2B52764B2D5003A1CE8 /* Project object */;
}
